
Microsoft Visual Studio Solution File, Format Version 12.00
# Visual Studio 15
VisualStudioVersion = 15.0.26730.10
MinimumVisualStudioVersion = 10.0.40219.1


Project("{9A19103F-16F7-4668-BE54-9A1E7A4F7556}") = "VillaTracking", "VillaTracking\VillaTracking\VillaTracking.csproj", "{6A7B1E28-2876-4E9A-8C02-C76F7C41C921}"
EndProject

Project("{FAE04EC0-301F-11D3-BF4B-00C04F79EFBC}") = "VillaTracking.iOS", "VillaTracking\VillaTracking.iOS\VillaTracking.iOS.csproj", "{688755FD-7DC6-4B1D-A55B-A94C2DE751AE}"
EndProject


Project("{FAE04EC0-301F-11D3-BF4B-00C04F79EFBC}") = "VillaTracking.Android", "VillaTracking\VillaTracking.Android\VillaTracking.Android.csproj", "{DB7D4406-119D-49DA-B956-3CBD24273303}"
EndProject

Project("{FAE04EC0-301F-11D3-BF4B-00C04F79EFBC}") = "VillaTracking.UWP", "VillaTracking\VillaTracking.UWP\VillaTracking.UWP.csproj", "{298FD03C-0C85-475E-B951-B03D1F8AC1FF}"
EndProject

Global
	GlobalSection(SolutionConfigurationPlatforms) = preSolution
		Ad-Hoc|Any CPU = Ad-Hoc|Any CPU
		Ad-Hoc|ARM = Ad-Hoc|ARM
		Ad-Hoc|iPhone = Ad-Hoc|iPhone
		Ad-Hoc|iPhoneSimulator = Ad-Hoc|iPhoneSimulator
		Ad-Hoc|x64 = Ad-Hoc|x64
		Ad-Hoc|x86 = Ad-Hoc|x86
		AppStore|Any CPU = AppStore|Any CPU
		AppStore|ARM = AppStore|ARM
		AppStore|iPhone = AppStore|iPhone
		AppStore|iPhoneSimulator = AppStore|iPhoneSimulator
		AppStore|x64 = AppStore|x64
		AppStore|x86 = AppStore|x86
		Debug|Any CPU = Debug|Any CPU
		Debug|ARM = Debug|ARM
		Debug|iPhone = Debug|iPhone
		Debug|iPhoneSimulator = Debug|iPhoneSimulator
		Debug|x64 = Debug|x64
		Debug|x86 = Debug|x86
		Release|Any CPU = Release|Any CPU
		Release|ARM = Release|ARM
		Release|iPhone = Release|iPhone
		Release|iPhoneSimulator = Release|iPhoneSimulator
		Release|x64 = Release|x64
		Release|x86 = Release|x86
	EndGlobalSection
	GlobalSection(ProjectConfigurationPlatforms) = postSolution
		{6A7B1E28-2876-4E9A-8C02-C76F7C41C921}.Ad-Hoc|Any CPU.ActiveCfg = Debug|Any CPU
		{6A7B1E28-2876-4E9A-8C02-C76F7C41C921}.Ad-Hoc|Any CPU.Build.0 = Debug|Any CPU
		{6A7B1E28-2876-4E9A-8C02-C76F7C41C921}.Ad-Hoc|ARM.ActiveCfg = Debug|Any CPU
		{6A7B1E28-2876-4E9A-8C02-C76F7C41C921}.Ad-Hoc|ARM.Build.0 = Debug|Any CPU
		{6A7B1E28-2876-4E9A-8C02-C76F7C41C921}.Ad-Hoc|iPhone.ActiveCfg = Debug|Any CPU
		{6A7B1E28-2876-4E9A-8C02-C76F7C41C921}.Ad-Hoc|iPhone.Build.0 = Debug|Any CPU
		{6A7B1E28-2876-4E9A-8C02-C76F7C41C921}.Ad-Hoc|iPhoneSimulator.ActiveCfg = Debug|Any CPU
		{6A7B1E28-2876-4E9A-8C02-C76F7C41C921}.Ad-Hoc|iPhoneSimulator.Build.0 = Debug|Any CPU
		{6A7B1E28-2876-4E9A-8C02-C76F7C41C921}.Ad-Hoc|x64.ActiveCfg = Debug|Any CPU
		{6A7B1E28-2876-4E9A-8C02-C76F7C41C921}.Ad-Hoc|x64.Build.0 = Debug|Any CPU
		{6A7B1E28-2876-4E9A-8C02-C76F7C41C921}.Ad-Hoc|x86.ActiveCfg = Debug|Any CPU
		{6A7B1E28-2876-4E9A-8C02-C76F7C41C921}.Ad-Hoc|x86.Build.0 = Debug|Any CPU
		{6A7B1E28-2876-4E9A-8C02-C76F7C41C921}.AppStore|Any CPU.ActiveCfg = Debug|Any CPU
		{6A7B1E28-2876-4E9A-8C02-C76F7C41C921}.AppStore|Any CPU.Build.0 = Debug|Any CPU
		{6A7B1E28-2876-4E9A-8C02-C76F7C41C921}.AppStore|ARM.ActiveCfg = Debug|Any CPU
		{6A7B1E28-2876-4E9A-8C02-C76F7C41C921}.AppStore|ARM.Build.0 = Debug|Any CPU
		{6A7B1E28-2876-4E9A-8C02-C76F7C41C921}.AppStore|iPhone.ActiveCfg = Debug|Any CPU
		{6A7B1E28-2876-4E9A-8C02-C76F7C41C921}.AppStore|iPhone.Build.0 = Debug|Any CPU
		{6A7B1E28-2876-4E9A-8C02-C76F7C41C921}.AppStore|iPhoneSimulator.ActiveCfg = Debug|Any CPU
		{6A7B1E28-2876-4E9A-8C02-C76F7C41C921}.AppStore|iPhoneSimulator.Build.0 = Debug|Any CPU
		{6A7B1E28-2876-4E9A-8C02-C76F7C41C921}.AppStore|x64.ActiveCfg = Debug|Any CPU
		{6A7B1E28-2876-4E9A-8C02-C76F7C41C921}.AppStore|x64.Build.0 = Debug|Any CPU
		{6A7B1E28-2876-4E9A-8C02-C76F7C41C921}.AppStore|x86.ActiveCfg = Debug|Any CPU
		{6A7B1E28-2876-4E9A-8C02-C76F7C41C921}.AppStore|x86.Build.0 = Debug|Any CPU
		{6A7B1E28-2876-4E9A-8C02-C76F7C41C921}.Debug|Any CPU.ActiveCfg = Debug|Any CPU
		{6A7B1E28-2876-4E9A-8C02-C76F7C41C921}.Debug|Any CPU.Build.0 = Debug|Any CPU
		{6A7B1E28-2876-4E9A-8C02-C76F7C41C921}.Debug|ARM.ActiveCfg = Debug|Any CPU
		{6A7B1E28-2876-4E9A-8C02-C76F7C41C921}.Debug|ARM.Build.0 = Debug|Any CPU
		{6A7B1E28-2876-4E9A-8C02-C76F7C41C921}.Debug|iPhone.ActiveCfg = Debug|Any CPU
		{6A7B1E28-2876-4E9A-8C02-C76F7C41C921}.Debug|iPhone.Build.0 = Debug|Any CPU
		{6A7B1E28-2876-4E9A-8C02-C76F7C41C921}.Debug|iPhoneSimulator.ActiveCfg = Debug|Any CPU
		{6A7B1E28-2876-4E9A-8C02-C76F7C41C921}.Debug|iPhoneSimulator.Build.0 = Debug|Any CPU
		{6A7B1E28-2876-4E9A-8C02-C76F7C41C921}.Debug|x64.ActiveCfg = Debug|Any CPU
		{6A7B1E28-2876-4E9A-8C02-C76F7C41C921}.Debug|x64.Build.0 = Debug|Any CPU
		{6A7B1E28-2876-4E9A-8C02-C76F7C41C921}.Debug|x86.ActiveCfg = Debug|Any CPU
		{6A7B1E28-2876-4E9A-8C02-C76F7C41C921}.Debug|x86.Build.0 = Debug|Any CPU
		{6A7B1E28-2876-4E9A-8C02-C76F7C41C921}.Release|Any CPU.ActiveCfg = Release|Any CPU
		{6A7B1E28-2876-4E9A-8C02-C76F7C41C921}.Release|Any CPU.Build.0 = Release|Any CPU
		{6A7B1E28-2876-4E9A-8C02-C76F7C41C921}.Release|ARM.ActiveCfg = Release|Any CPU
		{6A7B1E28-2876-4E9A-8C02-C76F7C41C921}.Release|ARM.Build.0 = Release|Any CPU
		{6A7B1E28-2876-4E9A-8C02-C76F7C41C921}.Release|iPhone.ActiveCfg = Release|Any CPU
		{6A7B1E28-2876-4E9A-8C02-C76F7C41C921}.Release|iPhone.Build.0 = Release|Any CPU
		{6A7B1E28-2876-4E9A-8C02-C76F7C41C921}.Release|iPhoneSimulator.ActiveCfg = Release|Any CPU
		{6A7B1E28-2876-4E9A-8C02-C76F7C41C921}.Release|iPhoneSimulator.Build.0 = Release|Any CPU
		{6A7B1E28-2876-4E9A-8C02-C76F7C41C921}.Release|x64.ActiveCfg = Release|Any CPU
		{6A7B1E28-2876-4E9A-8C02-C76F7C41C921}.Release|x64.Build.0 = Release|Any CPU
		{6A7B1E28-2876-4E9A-8C02-C76F7C41C921}.Release|x86.ActiveCfg = Release|Any CPU
		{6A7B1E28-2876-4E9A-8C02-C76F7C41C921}.Release|x86.Build.0 = Release|Any CPU
		{688755FD-7DC6-4B1D-A55B-A94C2DE751AE}.Ad-Hoc|Any CPU.ActiveCfg = Ad-Hoc|iPhone
		{688755FD-7DC6-4B1D-A55B-A94C2DE751AE}.Ad-Hoc|ARM.ActiveCfg = Ad-Hoc|iPhone
		{688755FD-7DC6-4B1D-A55B-A94C2DE751AE}.Ad-Hoc|iPhone.ActiveCfg = Ad-Hoc|iPhone
		{688755FD-7DC6-4B1D-A55B-A94C2DE751AE}.Ad-Hoc|iPhone.Build.0 = Ad-Hoc|iPhone
		{688755FD-7DC6-4B1D-A55B-A94C2DE751AE}.Ad-Hoc|iPhoneSimulator.ActiveCfg = Ad-Hoc|iPhoneSimulator
		{688755FD-7DC6-4B1D-A55B-A94C2DE751AE}.Ad-Hoc|iPhoneSimulator.Build.0 = Ad-Hoc|iPhoneSimulator
		{688755FD-7DC6-4B1D-A55B-A94C2DE751AE}.Ad-Hoc|x64.ActiveCfg = Ad-Hoc|iPhone
		{688755FD-7DC6-4B1D-A55B-A94C2DE751AE}.Ad-Hoc|x86.ActiveCfg = Ad-Hoc|iPhone
		{688755FD-7DC6-4B1D-A55B-A94C2DE751AE}.AppStore|Any CPU.ActiveCfg = AppStore|iPhone
		{688755FD-7DC6-4B1D-A55B-A94C2DE751AE}.AppStore|ARM.ActiveCfg = AppStore|iPhone
		{688755FD-7DC6-4B1D-A55B-A94C2DE751AE}.AppStore|iPhone.ActiveCfg = AppStore|iPhone
		{688755FD-7DC6-4B1D-A55B-A94C2DE751AE}.AppStore|iPhone.Build.0 = AppStore|iPhone
		{688755FD-7DC6-4B1D-A55B-A94C2DE751AE}.AppStore|iPhoneSimulator.ActiveCfg = AppStore|iPhoneSimulator
		{688755FD-7DC6-4B1D-A55B-A94C2DE751AE}.AppStore|iPhoneSimulator.Build.0 = AppStore|iPhoneSimulator
		{688755FD-7DC6-4B1D-A55B-A94C2DE751AE}.AppStore|x64.ActiveCfg = AppStore|iPhone
		{688755FD-7DC6-4B1D-A55B-A94C2DE751AE}.AppStore|x86.ActiveCfg = AppStore|iPhone
		{688755FD-7DC6-4B1D-A55B-A94C2DE751AE}.Debug|Any CPU.ActiveCfg = Debug|iPhone
		{688755FD-7DC6-4B1D-A55B-A94C2DE751AE}.Debug|ARM.ActiveCfg = Debug|iPhone
		{688755FD-7DC6-4B1D-A55B-A94C2DE751AE}.Debug|iPhone.ActiveCfg = Debug|iPhone
		{688755FD-7DC6-4B1D-A55B-A94C2DE751AE}.Debug|iPhone.Build.0 = Debug|iPhone
		{688755FD-7DC6-4B1D-A55B-A94C2DE751AE}.Debug|iPhoneSimulator.ActiveCfg = Debug|iPhoneSimulator
		{688755FD-7DC6-4B1D-A55B-A94C2DE751AE}.Debug|iPhoneSimulator.Build.0 = Debug|iPhoneSimulator
		{688755FD-7DC6-4B1D-A55B-A94C2DE751AE}.Debug|x64.ActiveCfg = Debug|iPhone
		{688755FD-7DC6-4B1D-A55B-A94C2DE751AE}.Debug|x86.ActiveCfg = Debug|iPhone
		{688755FD-7DC6-4B1D-A55B-A94C2DE751AE}.Release|Any CPU.ActiveCfg = Release|iPhone
		{688755FD-7DC6-4B1D-A55B-A94C2DE751AE}.Release|ARM.ActiveCfg = Release|iPhone
		{688755FD-7DC6-4B1D-A55B-A94C2DE751AE}.Release|iPhone.ActiveCfg = Release|iPhone
		{688755FD-7DC6-4B1D-A55B-A94C2DE751AE}.Release|iPhone.Build.0 = Release|iPhone
		{688755FD-7DC6-4B1D-A55B-A94C2DE751AE}.Release|iPhoneSimulator.ActiveCfg = Release|iPhoneSimulator
		{688755FD-7DC6-4B1D-A55B-A94C2DE751AE}.Release|iPhoneSimulator.Build.0 = Release|iPhoneSimulator
		{688755FD-7DC6-4B1D-A55B-A94C2DE751AE}.Release|x64.ActiveCfg = Release|iPhone
		{688755FD-7DC6-4B1D-A55B-A94C2DE751AE}.Release|x86.ActiveCfg = Release|iPhone
		{298FD03C-0C85-475E-B951-B03D1F8AC1FF}.Ad-Hoc|Any CPU.ActiveCfg = Release|x86
		{298FD03C-0C85-475E-B951-B03D1F8AC1FF}.Ad-Hoc|Any CPU.Build.0 = Release|x86
		{298FD03C-0C85-475E-B951-B03D1F8AC1FF}.Ad-Hoc|Any CPU.Deploy.0 = Release|x86
		{298FD03C-0C85-475E-B951-B03D1F8AC1FF}.Ad-Hoc|ARM.ActiveCfg = Release|ARM
		{298FD03C-0C85-475E-B951-B03D1F8AC1FF}.Ad-Hoc|ARM.Build.0 = Release|ARM
		{298FD03C-0C85-475E-B951-B03D1F8AC1FF}.Ad-Hoc|ARM.Deploy.0 = Release|ARM
		{298FD03C-0C85-475E-B951-B03D1F8AC1FF}.Ad-Hoc|iPhone.ActiveCfg = Release|x86
		{298FD03C-0C85-475E-B951-B03D1F8AC1FF}.Ad-Hoc|iPhone.Build.0 = Release|x86
		{298FD03C-0C85-475E-B951-B03D1F8AC1FF}.Ad-Hoc|iPhone.Deploy.0 = Release|x86
		{298FD03C-0C85-475E-B951-B03D1F8AC1FF}.Ad-Hoc|iPhoneSimulator.ActiveCfg = Release|x86
		{298FD03C-0C85-475E-B951-B03D1F8AC1FF}.Ad-Hoc|iPhoneSimulator.Build.0 = Release|x86
		{298FD03C-0C85-475E-B951-B03D1F8AC1FF}.Ad-Hoc|iPhoneSimulator.Deploy.0 = Release|x86
		{298FD03C-0C85-475E-B951-B03D1F8AC1FF}.Ad-Hoc|x64.ActiveCfg = Release|x64
		{298FD03C-0C85-475E-B951-B03D1F8AC1FF}.Ad-Hoc|x64.Build.0 = Release|x64
		{298FD03C-0C85-475E-B951-B03D1F8AC1FF}.Ad-Hoc|x64.Deploy.0 = Release|x64
		{298FD03C-0C85-475E-B951-B03D1F8AC1FF}.Ad-Hoc|x86.ActiveCfg = Release|x86
		{298FD03C-0C85-475E-B951-B03D1F8AC1FF}.Ad-Hoc|x86.Build.0 = Release|x86
		{298FD03C-0C85-475E-B951-B03D1F8AC1FF}.Ad-Hoc|x86.Deploy.0 = Release|x86
		{298FD03C-0C85-475E-B951-B03D1F8AC1FF}.AppStore|Any CPU.ActiveCfg = Release|x86
		{298FD03C-0C85-475E-B951-B03D1F8AC1FF}.AppStore|Any CPU.Build.0 = Release|x86
		{298FD03C-0C85-475E-B951-B03D1F8AC1FF}.AppStore|Any CPU.Deploy.0 = Release|x86
		{298FD03C-0C85-475E-B951-B03D1F8AC1FF}.AppStore|ARM.ActiveCfg = Release|ARM
		{298FD03C-0C85-475E-B951-B03D1F8AC1FF}.AppStore|ARM.Build.0 = Release|ARM
		{298FD03C-0C85-475E-B951-B03D1F8AC1FF}.AppStore|ARM.Deploy.0 = Release|ARM
		{298FD03C-0C85-475E-B951-B03D1F8AC1FF}.AppStore|iPhone.ActiveCfg = Release|x86
		{298FD03C-0C85-475E-B951-B03D1F8AC1FF}.AppStore|iPhone.Build.0 = Release|x86
		{298FD03C-0C85-475E-B951-B03D1F8AC1FF}.AppStore|iPhone.Deploy.0 = Release|x86
		{298FD03C-0C85-475E-B951-B03D1F8AC1FF}.AppStore|iPhoneSimulator.ActiveCfg = Release|x86
		{298FD03C-0C85-475E-B951-B03D1F8AC1FF}.AppStore|iPhoneSimulator.Build.0 = Release|x86
		{298FD03C-0C85-475E-B951-B03D1F8AC1FF}.AppStore|iPhoneSimulator.Deploy.0 = Release|x86
		{298FD03C-0C85-475E-B951-B03D1F8AC1FF}.AppStore|x64.ActiveCfg = Release|x64
		{298FD03C-0C85-475E-B951-B03D1F8AC1FF}.AppStore|x64.Build.0 = Release|x64
		{298FD03C-0C85-475E-B951-B03D1F8AC1FF}.AppStore|x64.Deploy.0 = Release|x64
		{298FD03C-0C85-475E-B951-B03D1F8AC1FF}.AppStore|x86.ActiveCfg = Release|x86
		{298FD03C-0C85-475E-B951-B03D1F8AC1FF}.AppStore|x86.Build.0 = Release|x86
		{298FD03C-0C85-475E-B951-B03D1F8AC1FF}.AppStore|x86.Deploy.0 = Release|x86
		{298FD03C-0C85-475E-B951-B03D1F8AC1FF}.Debug|Any CPU.ActiveCfg = Debug|x86
		{298FD03C-0C85-475E-B951-B03D1F8AC1FF}.Debug|ARM.ActiveCfg = Debug|ARM
		{298FD03C-0C85-475E-B951-B03D1F8AC1FF}.Debug|ARM.Build.0 = Debug|ARM
		{298FD03C-0C85-475E-B951-B03D1F8AC1FF}.Debug|ARM.Deploy.0 = Debug|ARM
		{298FD03C-0C85-475E-B951-B03D1F8AC1FF}.Debug|iPhone.ActiveCfg = Debug|x86
		{298FD03C-0C85-475E-B951-B03D1F8AC1FF}.Debug|iPhoneSimulator.ActiveCfg = Debug|x86
		{298FD03C-0C85-475E-B951-B03D1F8AC1FF}.Debug|x64.ActiveCfg = Debug|x64
		{298FD03C-0C85-475E-B951-B03D1F8AC1FF}.Debug|x64.Build.0 = Debug|x64
		{298FD03C-0C85-475E-B951-B03D1F8AC1FF}.Debug|x64.Deploy.0 = Debug|x64
		{298FD03C-0C85-475E-B951-B03D1F8AC1FF}.Debug|x86.ActiveCfg = Debug|x86
		{298FD03C-0C85-475E-B951-B03D1F8AC1FF}.Debug|x86.Build.0 = Debug|x86
		{298FD03C-0C85-475E-B951-B03D1F8AC1FF}.Debug|x86.Deploy.0 = Debug|x86
		{298FD03C-0C85-475E-B951-B03D1F8AC1FF}.Release|Any CPU.ActiveCfg = Release|x86
		{298FD03C-0C85-475E-B951-B03D1F8AC1FF}.Release|ARM.ActiveCfg = Release|ARM
		{298FD03C-0C85-475E-B951-B03D1F8AC1FF}.Release|ARM.Build.0 = Release|ARM
		{298FD03C-0C85-475E-B951-B03D1F8AC1FF}.Release|ARM.Deploy.0 = Release|ARM
		{298FD03C-0C85-475E-B951-B03D1F8AC1FF}.Release|iPhone.ActiveCfg = Release|x86
		{298FD03C-0C85-475E-B951-B03D1F8AC1FF}.Release|iPhoneSimulator.ActiveCfg = Release|x86
		{298FD03C-0C85-475E-B951-B03D1F8AC1FF}.Release|x64.ActiveCfg = Release|x64
		{298FD03C-0C85-475E-B951-B03D1F8AC1FF}.Release|x64.Build.0 = Release|x64
		{298FD03C-0C85-475E-B951-B03D1F8AC1FF}.Release|x64.Deploy.0 = Release|x64
		{298FD03C-0C85-475E-B951-B03D1F8AC1FF}.Release|x86.ActiveCfg = Release|x86
		{298FD03C-0C85-475E-B951-B03D1F8AC1FF}.Release|x86.Build.0 = Release|x86
		{298FD03C-0C85-475E-B951-B03D1F8AC1FF}.Release|x86.Deploy.0 = Release|x86
		{20FDA6ED-B68E-4610-807B-F358668F181E}.Ad-Hoc|Any CPU.ActiveCfg = Release|Any CPU
		{20FDA6ED-B68E-4610-807B-F358668F181E}.Ad-Hoc|Any CPU.Build.0 = Release|Any CPU
		{20FDA6ED-B68E-4610-807B-F358668F181E}.Ad-Hoc|Any CPU.Deploy.0 = Release|Any CPU
		{20FDA6ED-B68E-4610-807B-F358668F181E}.Ad-Hoc|ARM.ActiveCfg = Release|Any CPU
		{20FDA6ED-B68E-4610-807B-F358668F181E}.Ad-Hoc|ARM.Build.0 = Release|Any CPU
		{20FDA6ED-B68E-4610-807B-F358668F181E}.Ad-Hoc|ARM.Deploy.0 = Release|Any CPU
		{20FDA6ED-B68E-4610-807B-F358668F181E}.Ad-Hoc|iPhone.ActiveCfg = Release|Any CPU
		{20FDA6ED-B68E-4610-807B-F358668F181E}.Ad-Hoc|iPhone.Build.0 = Release|Any CPU
		{20FDA6ED-B68E-4610-807B-F358668F181E}.Ad-Hoc|iPhone.Deploy.0 = Release|Any CPU
		{20FDA6ED-B68E-4610-807B-F358668F181E}.Ad-Hoc|iPhoneSimulator.ActiveCfg = Release|Any CPU
		{20FDA6ED-B68E-4610-807B-F358668F181E}.Ad-Hoc|iPhoneSimulator.Build.0 = Release|Any CPU
		{20FDA6ED-B68E-4610-807B-F358668F181E}.Ad-Hoc|iPhoneSimulator.Deploy.0 = Release|Any CPU
		{20FDA6ED-B68E-4610-807B-F358668F181E}.Ad-Hoc|x64.ActiveCfg = Release|Any CPU
		{20FDA6ED-B68E-4610-807B-F358668F181E}.Ad-Hoc|x64.Build.0 = Release|Any CPU
		{20FDA6ED-B68E-4610-807B-F358668F181E}.Ad-Hoc|x64.Deploy.0 = Release|Any CPU
		{20FDA6ED-B68E-4610-807B-F358668F181E}.Ad-Hoc|x86.ActiveCfg = Release|Any CPU
		{20FDA6ED-B68E-4610-807B-F358668F181E}.Ad-Hoc|x86.Build.0 = Release|Any CPU
		{20FDA6ED-B68E-4610-807B-F358668F181E}.Ad-Hoc|x86.Deploy.0 = Release|Any CPU
		{20FDA6ED-B68E-4610-807B-F358668F181E}.AppStore|Any CPU.ActiveCfg = Release|Any CPU
		{20FDA6ED-B68E-4610-807B-F358668F181E}.AppStore|Any CPU.Build.0 = Release|Any CPU
		{20FDA6ED-B68E-4610-807B-F358668F181E}.AppStore|Any CPU.Deploy.0 = Release|Any CPU
		{20FDA6ED-B68E-4610-807B-F358668F181E}.AppStore|ARM.ActiveCfg = Release|Any CPU
		{20FDA6ED-B68E-4610-807B-F358668F181E}.AppStore|ARM.Build.0 = Release|Any CPU
		{20FDA6ED-B68E-4610-807B-F358668F181E}.AppStore|ARM.Deploy.0 = Release|Any CPU
		{20FDA6ED-B68E-4610-807B-F358668F181E}.AppStore|iPhone.ActiveCfg = Release|Any CPU
		{20FDA6ED-B68E-4610-807B-F358668F181E}.AppStore|iPhone.Build.0 = Release|Any CPU
		{20FDA6ED-B68E-4610-807B-F358668F181E}.AppStore|iPhone.Deploy.0 = Release|Any CPU
		{20FDA6ED-B68E-4610-807B-F358668F181E}.AppStore|iPhoneSimulator.ActiveCfg = Release|Any CPU
		{20FDA6ED-B68E-4610-807B-F358668F181E}.AppStore|iPhoneSimulator.Build.0 = Release|Any CPU
		{20FDA6ED-B68E-4610-807B-F358668F181E}.AppStore|iPhoneSimulator.Deploy.0 = Release|Any CPU
		{20FDA6ED-B68E-4610-807B-F358668F181E}.AppStore|x64.ActiveCfg = Release|Any CPU
		{20FDA6ED-B68E-4610-807B-F358668F181E}.AppStore|x64.Build.0 = Release|Any CPU
		{20FDA6ED-B68E-4610-807B-F358668F181E}.AppStore|x64.Deploy.0 = Release|Any CPU
		{20FDA6ED-B68E-4610-807B-F358668F181E}.AppStore|x86.ActiveCfg = Release|Any CPU
		{20FDA6ED-B68E-4610-807B-F358668F181E}.AppStore|x86.Build.0 = Release|Any CPU
		{20FDA6ED-B68E-4610-807B-F358668F181E}.AppStore|x86.Deploy.0 = Release|Any CPU
		{20FDA6ED-B68E-4610-807B-F358668F181E}.Debug|Any CPU.ActiveCfg = Debug|Any CPU
		{20FDA6ED-B68E-4610-807B-F358668F181E}.Debug|Any CPU.Build.0 = Debug|Any CPU
		{20FDA6ED-B68E-4610-807B-F358668F181E}.Debug|Any CPU.Deploy.0 = Debug|Any CPU
		{20FDA6ED-B68E-4610-807B-F358668F181E}.Debug|ARM.ActiveCfg = Debug|Any CPU
		{20FDA6ED-B68E-4610-807B-F358668F181E}.Debug|ARM.Build.0 = Debug|Any CPU
		{20FDA6ED-B68E-4610-807B-F358668F181E}.Debug|ARM.Deploy.0 = Debug|Any CPU
		{20FDA6ED-B68E-4610-807B-F358668F181E}.Debug|iPhone.ActiveCfg = Debug|Any CPU
		{20FDA6ED-B68E-4610-807B-F358668F181E}.Debug|iPhone.Build.0 = Debug|Any CPU
		{20FDA6ED-B68E-4610-807B-F358668F181E}.Debug|iPhone.Deploy.0 = Debug|Any CPU
		{20FDA6ED-B68E-4610-807B-F358668F181E}.Debug|iPhoneSimulator.ActiveCfg = Debug|Any CPU
		{20FDA6ED-B68E-4610-807B-F358668F181E}.Debug|iPhoneSimulator.Build.0 = Debug|Any CPU
		{20FDA6ED-B68E-4610-807B-F358668F181E}.Debug|iPhoneSimulator.Deploy.0 = Debug|Any CPU
		{20FDA6ED-B68E-4610-807B-F358668F181E}.Debug|x64.ActiveCfg = Debug|Any CPU
		{20FDA6ED-B68E-4610-807B-F358668F181E}.Debug|x64.Build.0 = Debug|Any CPU
		{20FDA6ED-B68E-4610-807B-F358668F181E}.Debug|x64.Deploy.0 = Debug|Any CPU
		{20FDA6ED-B68E-4610-807B-F358668F181E}.Debug|x86.ActiveCfg = Debug|Any CPU
		{20FDA6ED-B68E-4610-807B-F358668F181E}.Debug|x86.Build.0 = Debug|Any CPU
		{20FDA6ED-B68E-4610-807B-F358668F181E}.Debug|x86.Deploy.0 = Debug|Any CPU
		{20FDA6ED-B68E-4610-807B-F358668F181E}.Release|Any CPU.ActiveCfg = Release|Any CPU
		{20FDA6ED-B68E-4610-807B-F358668F181E}.Release|Any CPU.Build.0 = Release|Any CPU
		{20FDA6ED-B68E-4610-807B-F358668F181E}.Release|Any CPU.Deploy.0 = Release|Any CPU
		{20FDA6ED-B68E-4610-807B-F358668F181E}.Release|ARM.ActiveCfg = Release|Any CPU
		{20FDA6ED-B68E-4610-807B-F358668F181E}.Release|ARM.Build.0 = Release|Any CPU
		{20FDA6ED-B68E-4610-807B-F358668F181E}.Release|ARM.Deploy.0 = Release|Any CPU
		{20FDA6ED-B68E-4610-807B-F358668F181E}.Release|iPhone.ActiveCfg = Release|Any CPU
		{20FDA6ED-B68E-4610-807B-F358668F181E}.Release|iPhone.Build.0 = Release|Any CPU
		{20FDA6ED-B68E-4610-807B-F358668F181E}.Release|iPhone.Deploy.0 = Release|Any CPU
		{20FDA6ED-B68E-4610-807B-F358668F181E}.Release|iPhoneSimulator.ActiveCfg = Release|Any CPU
		{20FDA6ED-B68E-4610-807B-F358668F181E}.Release|iPhoneSimulator.Build.0 = Release|Any CPU
		{20FDA6ED-B68E-4610-807B-F358668F181E}.Release|iPhoneSimulator.Deploy.0 = Release|Any CPU
		{20FDA6ED-B68E-4610-807B-F358668F181E}.Release|x64.ActiveCfg = Release|Any CPU
		{20FDA6ED-B68E-4610-807B-F358668F181E}.Release|x64.Build.0 = Release|Any CPU
		{20FDA6ED-B68E-4610-807B-F358668F181E}.Release|x64.Deploy.0 = Release|Any CPU
		{20FDA6ED-B68E-4610-807B-F358668F181E}.Release|x86.ActiveCfg = Release|Any CPU
		{20FDA6ED-B68E-4610-807B-F358668F181E}.Release|x86.Build.0 = Release|Any CPU
		{20FDA6ED-B68E-4610-807B-F358668F181E}.Release|x86.Deploy.0 = Release|Any CPU
		{B445DF73-AC9E-4276-9FBA-7CB5AD5D2518}.Ad-Hoc|Any CPU.ActiveCfg = Release|Any CPU
		{B445DF73-AC9E-4276-9FBA-7CB5AD5D2518}.Ad-Hoc|Any CPU.Build.0 = Release|Any CPU
		{B445DF73-AC9E-4276-9FBA-7CB5AD5D2518}.Ad-Hoc|ARM.ActiveCfg = Release|Any CPU
		{B445DF73-AC9E-4276-9FBA-7CB5AD5D2518}.Ad-Hoc|ARM.Build.0 = Release|Any CPU
		{B445DF73-AC9E-4276-9FBA-7CB5AD5D2518}.Ad-Hoc|iPhone.ActiveCfg = Release|Any CPU
		{B445DF73-AC9E-4276-9FBA-7CB5AD5D2518}.Ad-Hoc|iPhone.Build.0 = Release|Any CPU
		{B445DF73-AC9E-4276-9FBA-7CB5AD5D2518}.Ad-Hoc|iPhoneSimulator.ActiveCfg = Release|Any CPU
		{B445DF73-AC9E-4276-9FBA-7CB5AD5D2518}.Ad-Hoc|iPhoneSimulator.Build.0 = Release|Any CPU
		{B445DF73-AC9E-4276-9FBA-7CB5AD5D2518}.Ad-Hoc|x64.ActiveCfg = Release|Any CPU
		{B445DF73-AC9E-4276-9FBA-7CB5AD5D2518}.Ad-Hoc|x64.Build.0 = Release|Any CPU
		{B445DF73-AC9E-4276-9FBA-7CB5AD5D2518}.Ad-Hoc|x86.ActiveCfg = Release|Any CPU
		{B445DF73-AC9E-4276-9FBA-7CB5AD5D2518}.Ad-Hoc|x86.Build.0 = Release|Any CPU
		{B445DF73-AC9E-4276-9FBA-7CB5AD5D2518}.AppStore|Any CPU.ActiveCfg = Release|Any CPU
		{B445DF73-AC9E-4276-9FBA-7CB5AD5D2518}.AppStore|Any CPU.Build.0 = Release|Any CPU
		{B445DF73-AC9E-4276-9FBA-7CB5AD5D2518}.AppStore|ARM.ActiveCfg = Release|Any CPU
		{B445DF73-AC9E-4276-9FBA-7CB5AD5D2518}.AppStore|ARM.Build.0 = Release|Any CPU
		{B445DF73-AC9E-4276-9FBA-7CB5AD5D2518}.AppStore|iPhone.ActiveCfg = Release|Any CPU
		{B445DF73-AC9E-4276-9FBA-7CB5AD5D2518}.AppStore|iPhone.Build.0 = Release|Any CPU
		{B445DF73-AC9E-4276-9FBA-7CB5AD5D2518}.AppStore|iPhoneSimulator.ActiveCfg = Release|Any CPU
		{B445DF73-AC9E-4276-9FBA-7CB5AD5D2518}.AppStore|iPhoneSimulator.Build.0 = Release|Any CPU
		{B445DF73-AC9E-4276-9FBA-7CB5AD5D2518}.AppStore|x64.ActiveCfg = Release|Any CPU
		{B445DF73-AC9E-4276-9FBA-7CB5AD5D2518}.AppStore|x64.Build.0 = Release|Any CPU
		{B445DF73-AC9E-4276-9FBA-7CB5AD5D2518}.AppStore|x86.ActiveCfg = Release|Any CPU
		{B445DF73-AC9E-4276-9FBA-7CB5AD5D2518}.AppStore|x86.Build.0 = Release|Any CPU
		{B445DF73-AC9E-4276-9FBA-7CB5AD5D2518}.Debug|Any CPU.ActiveCfg = Debug|Any CPU
		{B445DF73-AC9E-4276-9FBA-7CB5AD5D2518}.Debug|Any CPU.Build.0 = Debug|Any CPU
		{B445DF73-AC9E-4276-9FBA-7CB5AD5D2518}.Debug|ARM.ActiveCfg = Debug|Any CPU
		{B445DF73-AC9E-4276-9FBA-7CB5AD5D2518}.Debug|ARM.Build.0 = Debug|Any CPU
		{B445DF73-AC9E-4276-9FBA-7CB5AD5D2518}.Debug|iPhone.ActiveCfg = Debug|Any CPU
		{B445DF73-AC9E-4276-9FBA-7CB5AD5D2518}.Debug|iPhone.Build.0 = Debug|Any CPU
		{B445DF73-AC9E-4276-9FBA-7CB5AD5D2518}.Debug|iPhoneSimulator.ActiveCfg = Debug|Any CPU
		{B445DF73-AC9E-4276-9FBA-7CB5AD5D2518}.Debug|iPhoneSimulator.Build.0 = Debug|Any CPU
		{B445DF73-AC9E-4276-9FBA-7CB5AD5D2518}.Debug|x64.ActiveCfg = Debug|Any CPU
		{B445DF73-AC9E-4276-9FBA-7CB5AD5D2518}.Debug|x64.Build.0 = Debug|Any CPU
		{B445DF73-AC9E-4276-9FBA-7CB5AD5D2518}.Debug|x86.ActiveCfg = Debug|Any CPU
		{B445DF73-AC9E-4276-9FBA-7CB5AD5D2518}.Debug|x86.Build.0 = Debug|Any CPU
		{B445DF73-AC9E-4276-9FBA-7CB5AD5D2518}.Release|Any CPU.ActiveCfg = Release|Any CPU
		{B445DF73-AC9E-4276-9FBA-7CB5AD5D2518}.Release|Any CPU.Build.0 = Release|Any CPU
		{B445DF73-AC9E-4276-9FBA-7CB5AD5D2518}.Release|ARM.ActiveCfg = Release|Any CPU
		{B445DF73-AC9E-4276-9FBA-7CB5AD5D2518}.Release|ARM.Build.0 = Release|Any CPU
		{B445DF73-AC9E-4276-9FBA-7CB5AD5D2518}.Release|iPhone.ActiveCfg = Release|Any CPU
		{B445DF73-AC9E-4276-9FBA-7CB5AD5D2518}.Release|iPhone.Build.0 = Release|Any CPU
		{B445DF73-AC9E-4276-9FBA-7CB5AD5D2518}.Release|iPhoneSimulator.ActiveCfg = Release|Any CPU
		{B445DF73-AC9E-4276-9FBA-7CB5AD5D2518}.Release|iPhoneSimulator.Build.0 = Release|Any CPU
		{B445DF73-AC9E-4276-9FBA-7CB5AD5D2518}.Release|x64.ActiveCfg = Release|Any CPU
		{B445DF73-AC9E-4276-9FBA-7CB5AD5D2518}.Release|x64.Build.0 = Release|Any CPU
		{B445DF73-AC9E-4276-9FBA-7CB5AD5D2518}.Release|x86.ActiveCfg = Release|Any CPU
		{B445DF73-AC9E-4276-9FBA-7CB5AD5D2518}.Release|x86.Build.0 = Release|Any CPU
	EndGlobalSection
	GlobalSection(SolutionProperties) = preSolution
		HideSolutionNode = FALSE
	EndGlobalSection
	GlobalSection(ExtensibilityGlobals) = postSolution
		SolutionGuid = {F6D05029-56B8-4E45-AF2D-0E76295DDBA2}
	EndGlobalSection
EndGlobal
