
Microsoft Visual Studio Solution File, Format Version 12.00
# Visual Studio 15
VisualStudioVersion = 15.0.27130.2036
MinimumVisualStudioVersion = 10.0.40219.1
Project("{F184B08F-C81C-45F6-A57F-5ABD9991F28F}") = "VillaTracking.Desk", "VillaTracking\VillaTracking.Desk.vbproj", "{226B8BC7-CC31-4938-A0ED-E6BC70DA22A4}"
EndProject
Project("{FAE04EC0-301F-11D3-BF4B-00C04F79EFBC}") = "VillaTracking.Controls", "ZUControls\VillaTracking.Controls.csproj", "{89145B74-4200-4DB8-A4D0-6088BE97F2F3}"
EndProject
Project("{FAE04EC0-301F-11D3-BF4B-00C04F79EFBC}") = "VillaTracking.WebApi", "VillaTracking.WebApi\VillaTracking.WebApi.csproj", "{FBC91F96-E09E-4136-8A0D-AD88D1376642}"
EndProject
Project("{54435603-DBB4-11D2-8724-00A0C9A8B90C}") = "VillaTracking.Setup", "VillaTracking.Setup\VillaTracking.Setup.vdproj", "{0C916442-800E-4AB5-890E-11C1C19E2134}"
EndProject
Project("{FAE04EC0-301F-11D3-BF4B-00C04F79EFBC}") = "VillaTracking.Android", "Cross\VillaTracking\VillaTracking.Android\VillaTracking.Android.csproj", "{DB7D4406-119D-49DA-B956-3CBD24273303}"
EndProject
Project("{FAE04EC0-301F-11D3-BF4B-00C04F79EFBC}") = "VillaTracking.iOS", "Cross\VillaTracking\VillaTracking.iOS\VillaTracking.iOS.csproj", "{688755FD-7DC6-4B1D-A55B-A94C2DE751AE}"
EndProject
Project("{FAE04EC0-301F-11D3-BF4B-00C04F79EFBC}") = "VillaTracking.UWP", "Cross\VillaTracking\VillaTracking.UWP\VillaTracking.UWP.csproj", "{298FD03C-0C85-475E-B951-B03D1F8AC1FF}"
EndProject
Project("{9A19103F-16F7-4668-BE54-9A1E7A4F7556}") = "VillaTracking", "Cross\VillaTracking\VillaTracking\VillaTracking.csproj", "{2C66428E-43A1-4BA0-9CD2-4A53B4B27091}"
EndProject
Project("{F184B08F-C81C-45F6-A57F-5ABD9991F28F}") = "TK103 UDP Receiver", "TK103 UDP Receiver\TK103 UDP Receiver.vbproj", "{08C25F9B-6DEE-4AEF-876D-0A2EFA21CD75}"
EndProject
Project("{FAE04EC0-301F-11D3-BF4B-00C04F79EFBC}") = "VillaTracking.Web", "VillaTracking.Web\VillaTracking.Web.csproj", "{5481CAC9-52ED-4A4E-A014-F338EB6F2AF3}"
EndProject
Global
	GlobalSection(SolutionConfigurationPlatforms) = preSolution
		Ad-Hoc|Any CPU = Ad-Hoc|Any CPU
		Ad-Hoc|ARM = Ad-Hoc|ARM
		Ad-Hoc|iPhone = Ad-Hoc|iPhone
		Ad-Hoc|iPhoneSimulator = Ad-Hoc|iPhoneSimulator
		Ad-Hoc|x64 = Ad-Hoc|x64
		Ad-Hoc|x86 = Ad-Hoc|x86
		AppStore|Any CPU = AppStore|Any CPU
		AppStore|ARM = AppStore|ARM
		AppStore|iPhone = AppStore|iPhone
		AppStore|iPhoneSimulator = AppStore|iPhoneSimulator
		AppStore|x64 = AppStore|x64
		AppStore|x86 = AppStore|x86
		Debug|Any CPU = Debug|Any CPU
		Debug|ARM = Debug|ARM
		Debug|iPhone = Debug|iPhone
		Debug|iPhoneSimulator = Debug|iPhoneSimulator
		Debug|x64 = Debug|x64
		Debug|x86 = Debug|x86
		Release|Any CPU = Release|Any CPU
		Release|ARM = Release|ARM
		Release|iPhone = Release|iPhone
		Release|iPhoneSimulator = Release|iPhoneSimulator
		Release|x64 = Release|x64
		Release|x86 = Release|x86
	EndGlobalSection
	GlobalSection(ProjectConfigurationPlatforms) = postSolution
		{226B8BC7-CC31-4938-A0ED-E6BC70DA22A4}.Ad-Hoc|Any CPU.ActiveCfg = Release|Any CPU
		{226B8BC7-CC31-4938-A0ED-E6BC70DA22A4}.Ad-Hoc|Any CPU.Build.0 = Release|Any CPU
		{226B8BC7-CC31-4938-A0ED-E6BC70DA22A4}.Ad-Hoc|ARM.ActiveCfg = Release|Any CPU
		{226B8BC7-CC31-4938-A0ED-E6BC70DA22A4}.Ad-Hoc|ARM.Build.0 = Release|Any CPU
		{226B8BC7-CC31-4938-A0ED-E6BC70DA22A4}.Ad-Hoc|iPhone.ActiveCfg = Release|Any CPU
		{226B8BC7-CC31-4938-A0ED-E6BC70DA22A4}.Ad-Hoc|iPhone.Build.0 = Release|Any CPU
		{226B8BC7-CC31-4938-A0ED-E6BC70DA22A4}.Ad-Hoc|iPhoneSimulator.ActiveCfg = Release|Any CPU
		{226B8BC7-CC31-4938-A0ED-E6BC70DA22A4}.Ad-Hoc|iPhoneSimulator.Build.0 = Release|Any CPU
		{226B8BC7-CC31-4938-A0ED-E6BC70DA22A4}.Ad-Hoc|x64.ActiveCfg = Release|Any CPU
		{226B8BC7-CC31-4938-A0ED-E6BC70DA22A4}.Ad-Hoc|x64.Build.0 = Release|Any CPU
		{226B8BC7-CC31-4938-A0ED-E6BC70DA22A4}.Ad-Hoc|x86.ActiveCfg = Release|Any CPU
		{226B8BC7-CC31-4938-A0ED-E6BC70DA22A4}.Ad-Hoc|x86.Build.0 = Release|Any CPU
		{226B8BC7-CC31-4938-A0ED-E6BC70DA22A4}.AppStore|Any CPU.ActiveCfg = Release|Any CPU
		{226B8BC7-CC31-4938-A0ED-E6BC70DA22A4}.AppStore|Any CPU.Build.0 = Release|Any CPU
		{226B8BC7-CC31-4938-A0ED-E6BC70DA22A4}.AppStore|ARM.ActiveCfg = Release|Any CPU
		{226B8BC7-CC31-4938-A0ED-E6BC70DA22A4}.AppStore|ARM.Build.0 = Release|Any CPU
		{226B8BC7-CC31-4938-A0ED-E6BC70DA22A4}.AppStore|iPhone.ActiveCfg = Release|Any CPU
		{226B8BC7-CC31-4938-A0ED-E6BC70DA22A4}.AppStore|iPhone.Build.0 = Release|Any CPU
		{226B8BC7-CC31-4938-A0ED-E6BC70DA22A4}.AppStore|iPhoneSimulator.ActiveCfg = Release|Any CPU
		{226B8BC7-CC31-4938-A0ED-E6BC70DA22A4}.AppStore|iPhoneSimulator.Build.0 = Release|Any CPU
		{226B8BC7-CC31-4938-A0ED-E6BC70DA22A4}.AppStore|x64.ActiveCfg = Release|Any CPU
		{226B8BC7-CC31-4938-A0ED-E6BC70DA22A4}.AppStore|x64.Build.0 = Release|Any CPU
		{226B8BC7-CC31-4938-A0ED-E6BC70DA22A4}.AppStore|x86.ActiveCfg = Release|Any CPU
		{226B8BC7-CC31-4938-A0ED-E6BC70DA22A4}.AppStore|x86.Build.0 = Release|Any CPU
		{226B8BC7-CC31-4938-A0ED-E6BC70DA22A4}.Debug|Any CPU.ActiveCfg = Debug|Any CPU
		{226B8BC7-CC31-4938-A0ED-E6BC70DA22A4}.Debug|Any CPU.Build.0 = Debug|Any CPU
		{226B8BC7-CC31-4938-A0ED-E6BC70DA22A4}.Debug|ARM.ActiveCfg = Debug|Any CPU
		{226B8BC7-CC31-4938-A0ED-E6BC70DA22A4}.Debug|ARM.Build.0 = Debug|Any CPU
		{226B8BC7-CC31-4938-A0ED-E6BC70DA22A4}.Debug|iPhone.ActiveCfg = Debug|Any CPU
		{226B8BC7-CC31-4938-A0ED-E6BC70DA22A4}.Debug|iPhone.Build.0 = Debug|Any CPU
		{226B8BC7-CC31-4938-A0ED-E6BC70DA22A4}.Debug|iPhoneSimulator.ActiveCfg = Debug|Any CPU
		{226B8BC7-CC31-4938-A0ED-E6BC70DA22A4}.Debug|x64.ActiveCfg = Debug|Any CPU
		{226B8BC7-CC31-4938-A0ED-E6BC70DA22A4}.Debug|x64.Build.0 = Debug|Any CPU
		{226B8BC7-CC31-4938-A0ED-E6BC70DA22A4}.Debug|x86.ActiveCfg = Debug|Any CPU
		{226B8BC7-CC31-4938-A0ED-E6BC70DA22A4}.Debug|x86.Build.0 = Debug|Any CPU
		{226B8BC7-CC31-4938-A0ED-E6BC70DA22A4}.Release|Any CPU.ActiveCfg = Release|Any CPU
		{226B8BC7-CC31-4938-A0ED-E6BC70DA22A4}.Release|Any CPU.Build.0 = Release|Any CPU
		{226B8BC7-CC31-4938-A0ED-E6BC70DA22A4}.Release|ARM.ActiveCfg = Release|Any CPU
		{226B8BC7-CC31-4938-A0ED-E6BC70DA22A4}.Release|ARM.Build.0 = Release|Any CPU
		{226B8BC7-CC31-4938-A0ED-E6BC70DA22A4}.Release|iPhone.ActiveCfg = Release|Any CPU
		{226B8BC7-CC31-4938-A0ED-E6BC70DA22A4}.Release|iPhone.Build.0 = Release|Any CPU
		{226B8BC7-CC31-4938-A0ED-E6BC70DA22A4}.Release|iPhoneSimulator.ActiveCfg = Release|Any CPU
		{226B8BC7-CC31-4938-A0ED-E6BC70DA22A4}.Release|iPhoneSimulator.Build.0 = Release|Any CPU
		{226B8BC7-CC31-4938-A0ED-E6BC70DA22A4}.Release|x64.ActiveCfg = Release|Any CPU
		{226B8BC7-CC31-4938-A0ED-E6BC70DA22A4}.Release|x64.Build.0 = Release|Any CPU
		{226B8BC7-CC31-4938-A0ED-E6BC70DA22A4}.Release|x86.ActiveCfg = Release|Any CPU
		{226B8BC7-CC31-4938-A0ED-E6BC70DA22A4}.Release|x86.Build.0 = Release|Any CPU
		{89145B74-4200-4DB8-A4D0-6088BE97F2F3}.Ad-Hoc|Any CPU.ActiveCfg = Release|Any CPU
		{89145B74-4200-4DB8-A4D0-6088BE97F2F3}.Ad-Hoc|Any CPU.Build.0 = Release|Any CPU
		{89145B74-4200-4DB8-A4D0-6088BE97F2F3}.Ad-Hoc|ARM.ActiveCfg = Release|Any CPU
		{89145B74-4200-4DB8-A4D0-6088BE97F2F3}.Ad-Hoc|ARM.Build.0 = Release|Any CPU
		{89145B74-4200-4DB8-A4D0-6088BE97F2F3}.Ad-Hoc|iPhone.ActiveCfg = Release|Any CPU
		{89145B74-4200-4DB8-A4D0-6088BE97F2F3}.Ad-Hoc|iPhone.Build.0 = Release|Any CPU
		{89145B74-4200-4DB8-A4D0-6088BE97F2F3}.Ad-Hoc|iPhoneSimulator.ActiveCfg = Release|Any CPU
		{89145B74-4200-4DB8-A4D0-6088BE97F2F3}.Ad-Hoc|iPhoneSimulator.Build.0 = Release|Any CPU
		{89145B74-4200-4DB8-A4D0-6088BE97F2F3}.Ad-Hoc|x64.ActiveCfg = Release|Any CPU
		{89145B74-4200-4DB8-A4D0-6088BE97F2F3}.Ad-Hoc|x64.Build.0 = Release|Any CPU
		{89145B74-4200-4DB8-A4D0-6088BE97F2F3}.Ad-Hoc|x86.ActiveCfg = Release|Any CPU
		{89145B74-4200-4DB8-A4D0-6088BE97F2F3}.Ad-Hoc|x86.Build.0 = Release|Any CPU
		{89145B74-4200-4DB8-A4D0-6088BE97F2F3}.AppStore|Any CPU.ActiveCfg = Release|Any CPU
		{89145B74-4200-4DB8-A4D0-6088BE97F2F3}.AppStore|Any CPU.Build.0 = Release|Any CPU
		{89145B74-4200-4DB8-A4D0-6088BE97F2F3}.AppStore|ARM.ActiveCfg = Release|Any CPU
		{89145B74-4200-4DB8-A4D0-6088BE97F2F3}.AppStore|ARM.Build.0 = Release|Any CPU
		{89145B74-4200-4DB8-A4D0-6088BE97F2F3}.AppStore|iPhone.ActiveCfg = Release|Any CPU
		{89145B74-4200-4DB8-A4D0-6088BE97F2F3}.AppStore|iPhone.Build.0 = Release|Any CPU
		{89145B74-4200-4DB8-A4D0-6088BE97F2F3}.AppStore|iPhoneSimulator.ActiveCfg = Release|Any CPU
		{89145B74-4200-4DB8-A4D0-6088BE97F2F3}.AppStore|iPhoneSimulator.Build.0 = Release|Any CPU
		{89145B74-4200-4DB8-A4D0-6088BE97F2F3}.AppStore|x64.ActiveCfg = Release|Any CPU
		{89145B74-4200-4DB8-A4D0-6088BE97F2F3}.AppStore|x64.Build.0 = Release|Any CPU
		{89145B74-4200-4DB8-A4D0-6088BE97F2F3}.AppStore|x86.ActiveCfg = Release|Any CPU
		{89145B74-4200-4DB8-A4D0-6088BE97F2F3}.AppStore|x86.Build.0 = Release|Any CPU
		{89145B74-4200-4DB8-A4D0-6088BE97F2F3}.Debug|Any CPU.ActiveCfg = Debug|Any CPU
		{89145B74-4200-4DB8-A4D0-6088BE97F2F3}.Debug|ARM.ActiveCfg = Debug|Any CPU
		{89145B74-4200-4DB8-A4D0-6088BE97F2F3}.Debug|ARM.Build.0 = Debug|Any CPU
		{89145B74-4200-4DB8-A4D0-6088BE97F2F3}.Debug|iPhone.ActiveCfg = Debug|Any CPU
		{89145B74-4200-4DB8-A4D0-6088BE97F2F3}.Debug|iPhone.Build.0 = Debug|Any CPU
		{89145B74-4200-4DB8-A4D0-6088BE97F2F3}.Debug|iPhoneSimulator.ActiveCfg = Debug|Any CPU
		{89145B74-4200-4DB8-A4D0-6088BE97F2F3}.Debug|x64.ActiveCfg = Debug|Any CPU
		{89145B74-4200-4DB8-A4D0-6088BE97F2F3}.Debug|x64.Build.0 = Debug|Any CPU
		{89145B74-4200-4DB8-A4D0-6088BE97F2F3}.Debug|x86.ActiveCfg = Debug|Any CPU
		{89145B74-4200-4DB8-A4D0-6088BE97F2F3}.Debug|x86.Build.0 = Debug|Any CPU
		{89145B74-4200-4DB8-A4D0-6088BE97F2F3}.Release|Any CPU.ActiveCfg = Release|Any CPU
		{89145B74-4200-4DB8-A4D0-6088BE97F2F3}.Release|Any CPU.Build.0 = Release|Any CPU
		{89145B74-4200-4DB8-A4D0-6088BE97F2F3}.Release|ARM.ActiveCfg = Release|Any CPU
		{89145B74-4200-4DB8-A4D0-6088BE97F2F3}.Release|ARM.Build.0 = Release|Any CPU
		{89145B74-4200-4DB8-A4D0-6088BE97F2F3}.Release|iPhone.ActiveCfg = Release|Any CPU
		{89145B74-4200-4DB8-A4D0-6088BE97F2F3}.Release|iPhone.Build.0 = Release|Any CPU
		{89145B74-4200-4DB8-A4D0-6088BE97F2F3}.Release|iPhoneSimulator.ActiveCfg = Release|Any CPU
		{89145B74-4200-4DB8-A4D0-6088BE97F2F3}.Release|iPhoneSimulator.Build.0 = Release|Any CPU
		{89145B74-4200-4DB8-A4D0-6088BE97F2F3}.Release|x64.ActiveCfg = Release|Any CPU
		{89145B74-4200-4DB8-A4D0-6088BE97F2F3}.Release|x64.Build.0 = Release|Any CPU
		{89145B74-4200-4DB8-A4D0-6088BE97F2F3}.Release|x86.ActiveCfg = Release|Any CPU
		{89145B74-4200-4DB8-A4D0-6088BE97F2F3}.Release|x86.Build.0 = Release|Any CPU
		{FBC91F96-E09E-4136-8A0D-AD88D1376642}.Ad-Hoc|Any CPU.ActiveCfg = Release|Any CPU
		{FBC91F96-E09E-4136-8A0D-AD88D1376642}.Ad-Hoc|Any CPU.Build.0 = Release|Any CPU
		{FBC91F96-E09E-4136-8A0D-AD88D1376642}.Ad-Hoc|ARM.ActiveCfg = Release|Any CPU
		{FBC91F96-E09E-4136-8A0D-AD88D1376642}.Ad-Hoc|ARM.Build.0 = Release|Any CPU
		{FBC91F96-E09E-4136-8A0D-AD88D1376642}.Ad-Hoc|iPhone.ActiveCfg = Release|Any CPU
		{FBC91F96-E09E-4136-8A0D-AD88D1376642}.Ad-Hoc|iPhone.Build.0 = Release|Any CPU
		{FBC91F96-E09E-4136-8A0D-AD88D1376642}.Ad-Hoc|iPhoneSimulator.ActiveCfg = Release|Any CPU
		{FBC91F96-E09E-4136-8A0D-AD88D1376642}.Ad-Hoc|iPhoneSimulator.Build.0 = Release|Any CPU
		{FBC91F96-E09E-4136-8A0D-AD88D1376642}.Ad-Hoc|x64.ActiveCfg = Release|Any CPU
		{FBC91F96-E09E-4136-8A0D-AD88D1376642}.Ad-Hoc|x64.Build.0 = Release|Any CPU
		{FBC91F96-E09E-4136-8A0D-AD88D1376642}.Ad-Hoc|x86.ActiveCfg = Release|Any CPU
		{FBC91F96-E09E-4136-8A0D-AD88D1376642}.Ad-Hoc|x86.Build.0 = Release|Any CPU
		{FBC91F96-E09E-4136-8A0D-AD88D1376642}.AppStore|Any CPU.ActiveCfg = Release|Any CPU
		{FBC91F96-E09E-4136-8A0D-AD88D1376642}.AppStore|Any CPU.Build.0 = Release|Any CPU
		{FBC91F96-E09E-4136-8A0D-AD88D1376642}.AppStore|ARM.ActiveCfg = Release|Any CPU
		{FBC91F96-E09E-4136-8A0D-AD88D1376642}.AppStore|ARM.Build.0 = Release|Any CPU
		{FBC91F96-E09E-4136-8A0D-AD88D1376642}.AppStore|iPhone.ActiveCfg = Release|Any CPU
		{FBC91F96-E09E-4136-8A0D-AD88D1376642}.AppStore|iPhone.Build.0 = Release|Any CPU
		{FBC91F96-E09E-4136-8A0D-AD88D1376642}.AppStore|iPhoneSimulator.ActiveCfg = Release|Any CPU
		{FBC91F96-E09E-4136-8A0D-AD88D1376642}.AppStore|iPhoneSimulator.Build.0 = Release|Any CPU
		{FBC91F96-E09E-4136-8A0D-AD88D1376642}.AppStore|x64.ActiveCfg = Release|Any CPU
		{FBC91F96-E09E-4136-8A0D-AD88D1376642}.AppStore|x64.Build.0 = Release|Any CPU
		{FBC91F96-E09E-4136-8A0D-AD88D1376642}.AppStore|x86.ActiveCfg = Release|Any CPU
		{FBC91F96-E09E-4136-8A0D-AD88D1376642}.AppStore|x86.Build.0 = Release|Any CPU
		{FBC91F96-E09E-4136-8A0D-AD88D1376642}.Debug|Any CPU.ActiveCfg = Debug|Any CPU
		{FBC91F96-E09E-4136-8A0D-AD88D1376642}.Debug|ARM.ActiveCfg = Debug|Any CPU
		{FBC91F96-E09E-4136-8A0D-AD88D1376642}.Debug|ARM.Build.0 = Debug|Any CPU
		{FBC91F96-E09E-4136-8A0D-AD88D1376642}.Debug|iPhone.ActiveCfg = Debug|Any CPU
		{FBC91F96-E09E-4136-8A0D-AD88D1376642}.Debug|iPhone.Build.0 = Debug|Any CPU
		{FBC91F96-E09E-4136-8A0D-AD88D1376642}.Debug|iPhoneSimulator.ActiveCfg = Debug|Any CPU
		{FBC91F96-E09E-4136-8A0D-AD88D1376642}.Debug|iPhoneSimulator.Build.0 = Debug|Any CPU
		{FBC91F96-E09E-4136-8A0D-AD88D1376642}.Debug|x64.ActiveCfg = Debug|Any CPU
		{FBC91F96-E09E-4136-8A0D-AD88D1376642}.Debug|x64.Build.0 = Debug|Any CPU
		{FBC91F96-E09E-4136-8A0D-AD88D1376642}.Debug|x86.ActiveCfg = Debug|Any CPU
		{FBC91F96-E09E-4136-8A0D-AD88D1376642}.Debug|x86.Build.0 = Debug|Any CPU
		{FBC91F96-E09E-4136-8A0D-AD88D1376642}.Release|Any CPU.ActiveCfg = Release|Any CPU
		{FBC91F96-E09E-4136-8A0D-AD88D1376642}.Release|Any CPU.Build.0 = Release|Any CPU
		{FBC91F96-E09E-4136-8A0D-AD88D1376642}.Release|ARM.ActiveCfg = Release|Any CPU
		{FBC91F96-E09E-4136-8A0D-AD88D1376642}.Release|ARM.Build.0 = Release|Any CPU
		{FBC91F96-E09E-4136-8A0D-AD88D1376642}.Release|iPhone.ActiveCfg = Release|Any CPU
		{FBC91F96-E09E-4136-8A0D-AD88D1376642}.Release|iPhone.Build.0 = Release|Any CPU
		{FBC91F96-E09E-4136-8A0D-AD88D1376642}.Release|iPhoneSimulator.ActiveCfg = Release|Any CPU
		{FBC91F96-E09E-4136-8A0D-AD88D1376642}.Release|iPhoneSimulator.Build.0 = Release|Any CPU
		{FBC91F96-E09E-4136-8A0D-AD88D1376642}.Release|x64.ActiveCfg = Release|Any CPU
		{FBC91F96-E09E-4136-8A0D-AD88D1376642}.Release|x64.Build.0 = Release|Any CPU
		{FBC91F96-E09E-4136-8A0D-AD88D1376642}.Release|x86.ActiveCfg = Release|Any CPU
		{FBC91F96-E09E-4136-8A0D-AD88D1376642}.Release|x86.Build.0 = Release|Any CPU
		{0C916442-800E-4AB5-890E-11C1C19E2134}.Ad-Hoc|Any CPU.ActiveCfg = Release
		{0C916442-800E-4AB5-890E-11C1C19E2134}.Ad-Hoc|Any CPU.Build.0 = Release
		{0C916442-800E-4AB5-890E-11C1C19E2134}.Ad-Hoc|ARM.ActiveCfg = Release
		{0C916442-800E-4AB5-890E-11C1C19E2134}.Ad-Hoc|ARM.Build.0 = Release
		{0C916442-800E-4AB5-890E-11C1C19E2134}.Ad-Hoc|iPhone.ActiveCfg = Release
		{0C916442-800E-4AB5-890E-11C1C19E2134}.Ad-Hoc|iPhone.Build.0 = Release
		{0C916442-800E-4AB5-890E-11C1C19E2134}.Ad-Hoc|iPhoneSimulator.ActiveCfg = Release
		{0C916442-800E-4AB5-890E-11C1C19E2134}.Ad-Hoc|iPhoneSimulator.Build.0 = Release
		{0C916442-800E-4AB5-890E-11C1C19E2134}.Ad-Hoc|x64.ActiveCfg = Release
		{0C916442-800E-4AB5-890E-11C1C19E2134}.Ad-Hoc|x64.Build.0 = Release
		{0C916442-800E-4AB5-890E-11C1C19E2134}.Ad-Hoc|x86.ActiveCfg = Release
		{0C916442-800E-4AB5-890E-11C1C19E2134}.Ad-Hoc|x86.Build.0 = Release
		{0C916442-800E-4AB5-890E-11C1C19E2134}.AppStore|Any CPU.ActiveCfg = Release
		{0C916442-800E-4AB5-890E-11C1C19E2134}.AppStore|Any CPU.Build.0 = Release
		{0C916442-800E-4AB5-890E-11C1C19E2134}.AppStore|ARM.ActiveCfg = Release
		{0C916442-800E-4AB5-890E-11C1C19E2134}.AppStore|ARM.Build.0 = Release
		{0C916442-800E-4AB5-890E-11C1C19E2134}.AppStore|iPhone.ActiveCfg = Release
		{0C916442-800E-4AB5-890E-11C1C19E2134}.AppStore|iPhone.Build.0 = Release
		{0C916442-800E-4AB5-890E-11C1C19E2134}.AppStore|iPhoneSimulator.ActiveCfg = Release
		{0C916442-800E-4AB5-890E-11C1C19E2134}.AppStore|iPhoneSimulator.Build.0 = Release
		{0C916442-800E-4AB5-890E-11C1C19E2134}.AppStore|x64.ActiveCfg = Release
		{0C916442-800E-4AB5-890E-11C1C19E2134}.AppStore|x64.Build.0 = Release
		{0C916442-800E-4AB5-890E-11C1C19E2134}.AppStore|x86.ActiveCfg = Release
		{0C916442-800E-4AB5-890E-11C1C19E2134}.AppStore|x86.Build.0 = Release
		{0C916442-800E-4AB5-890E-11C1C19E2134}.Debug|Any CPU.ActiveCfg = Debug
		{0C916442-800E-4AB5-890E-11C1C19E2134}.Debug|ARM.ActiveCfg = Debug
		{0C916442-800E-4AB5-890E-11C1C19E2134}.Debug|ARM.Build.0 = Debug
		{0C916442-800E-4AB5-890E-11C1C19E2134}.Debug|iPhone.ActiveCfg = Debug
		{0C916442-800E-4AB5-890E-11C1C19E2134}.Debug|iPhone.Build.0 = Debug
		{0C916442-800E-4AB5-890E-11C1C19E2134}.Debug|iPhoneSimulator.ActiveCfg = Debug
		{0C916442-800E-4AB5-890E-11C1C19E2134}.Debug|x64.ActiveCfg = Debug
		{0C916442-800E-4AB5-890E-11C1C19E2134}.Debug|x64.Build.0 = Debug
		{0C916442-800E-4AB5-890E-11C1C19E2134}.Debug|x86.ActiveCfg = Debug
		{0C916442-800E-4AB5-890E-11C1C19E2134}.Debug|x86.Build.0 = Debug
		{0C916442-800E-4AB5-890E-11C1C19E2134}.Release|Any CPU.ActiveCfg = Release
		{0C916442-800E-4AB5-890E-11C1C19E2134}.Release|ARM.ActiveCfg = Release
		{0C916442-800E-4AB5-890E-11C1C19E2134}.Release|ARM.Build.0 = Release
		{0C916442-800E-4AB5-890E-11C1C19E2134}.Release|iPhone.ActiveCfg = Release
		{0C916442-800E-4AB5-890E-11C1C19E2134}.Release|iPhone.Build.0 = Release
		{0C916442-800E-4AB5-890E-11C1C19E2134}.Release|iPhoneSimulator.ActiveCfg = Release
		{0C916442-800E-4AB5-890E-11C1C19E2134}.Release|iPhoneSimulator.Build.0 = Release
		{0C916442-800E-4AB5-890E-11C1C19E2134}.Release|x64.ActiveCfg = Release
		{0C916442-800E-4AB5-890E-11C1C19E2134}.Release|x64.Build.0 = Release
		{0C916442-800E-4AB5-890E-11C1C19E2134}.Release|x86.ActiveCfg = Release
		{0C916442-800E-4AB5-890E-11C1C19E2134}.Release|x86.Build.0 = Release
		{DB7D4406-119D-49DA-B956-3CBD24273303}.Ad-Hoc|Any CPU.ActiveCfg = Release|Any CPU
		{DB7D4406-119D-49DA-B956-3CBD24273303}.Ad-Hoc|Any CPU.Build.0 = Release|Any CPU
		{DB7D4406-119D-49DA-B956-3CBD24273303}.Ad-Hoc|Any CPU.Deploy.0 = Release|Any CPU
		{DB7D4406-119D-49DA-B956-3CBD24273303}.Ad-Hoc|ARM.ActiveCfg = Release|Any CPU
		{DB7D4406-119D-49DA-B956-3CBD24273303}.Ad-Hoc|ARM.Build.0 = Release|Any CPU
		{DB7D4406-119D-49DA-B956-3CBD24273303}.Ad-Hoc|ARM.Deploy.0 = Release|Any CPU
		{DB7D4406-119D-49DA-B956-3CBD24273303}.Ad-Hoc|iPhone.ActiveCfg = Release|Any CPU
		{DB7D4406-119D-49DA-B956-3CBD24273303}.Ad-Hoc|iPhone.Build.0 = Release|Any CPU
		{DB7D4406-119D-49DA-B956-3CBD24273303}.Ad-Hoc|iPhone.Deploy.0 = Release|Any CPU
		{DB7D4406-119D-49DA-B956-3CBD24273303}.Ad-Hoc|iPhoneSimulator.ActiveCfg = Release|Any CPU
		{DB7D4406-119D-49DA-B956-3CBD24273303}.Ad-Hoc|iPhoneSimulator.Build.0 = Release|Any CPU
		{DB7D4406-119D-49DA-B956-3CBD24273303}.Ad-Hoc|iPhoneSimulator.Deploy.0 = Release|Any CPU
		{DB7D4406-119D-49DA-B956-3CBD24273303}.Ad-Hoc|x64.ActiveCfg = Release|Any CPU
		{DB7D4406-119D-49DA-B956-3CBD24273303}.Ad-Hoc|x64.Build.0 = Release|Any CPU
		{DB7D4406-119D-49DA-B956-3CBD24273303}.Ad-Hoc|x64.Deploy.0 = Release|Any CPU
		{DB7D4406-119D-49DA-B956-3CBD24273303}.Ad-Hoc|x86.ActiveCfg = Release|Any CPU
		{DB7D4406-119D-49DA-B956-3CBD24273303}.Ad-Hoc|x86.Build.0 = Release|Any CPU
		{DB7D4406-119D-49DA-B956-3CBD24273303}.Ad-Hoc|x86.Deploy.0 = Release|Any CPU
		{DB7D4406-119D-49DA-B956-3CBD24273303}.AppStore|Any CPU.ActiveCfg = Release|Any CPU
		{DB7D4406-119D-49DA-B956-3CBD24273303}.AppStore|Any CPU.Build.0 = Release|Any CPU
		{DB7D4406-119D-49DA-B956-3CBD24273303}.AppStore|Any CPU.Deploy.0 = Release|Any CPU
		{DB7D4406-119D-49DA-B956-3CBD24273303}.AppStore|ARM.ActiveCfg = Release|Any CPU
		{DB7D4406-119D-49DA-B956-3CBD24273303}.AppStore|ARM.Build.0 = Release|Any CPU
		{DB7D4406-119D-49DA-B956-3CBD24273303}.AppStore|ARM.Deploy.0 = Release|Any CPU
		{DB7D4406-119D-49DA-B956-3CBD24273303}.AppStore|iPhone.ActiveCfg = Release|Any CPU
		{DB7D4406-119D-49DA-B956-3CBD24273303}.AppStore|iPhone.Build.0 = Release|Any CPU
		{DB7D4406-119D-49DA-B956-3CBD24273303}.AppStore|iPhone.Deploy.0 = Release|Any CPU
		{DB7D4406-119D-49DA-B956-3CBD24273303}.AppStore|iPhoneSimulator.ActiveCfg = Release|Any CPU
		{DB7D4406-119D-49DA-B956-3CBD24273303}.AppStore|iPhoneSimulator.Build.0 = Release|Any CPU
		{DB7D4406-119D-49DA-B956-3CBD24273303}.AppStore|iPhoneSimulator.Deploy.0 = Release|Any CPU
		{DB7D4406-119D-49DA-B956-3CBD24273303}.AppStore|x64.ActiveCfg = Release|Any CPU
		{DB7D4406-119D-49DA-B956-3CBD24273303}.AppStore|x64.Build.0 = Release|Any CPU
		{DB7D4406-119D-49DA-B956-3CBD24273303}.AppStore|x64.Deploy.0 = Release|Any CPU
		{DB7D4406-119D-49DA-B956-3CBD24273303}.AppStore|x86.ActiveCfg = Release|Any CPU
		{DB7D4406-119D-49DA-B956-3CBD24273303}.AppStore|x86.Build.0 = Release|Any CPU
		{DB7D4406-119D-49DA-B956-3CBD24273303}.AppStore|x86.Deploy.0 = Release|Any CPU
		{DB7D4406-119D-49DA-B956-3CBD24273303}.Debug|Any CPU.ActiveCfg = Debug|Any CPU
		{DB7D4406-119D-49DA-B956-3CBD24273303}.Debug|ARM.ActiveCfg = Debug|Any CPU
		{DB7D4406-119D-49DA-B956-3CBD24273303}.Debug|ARM.Build.0 = Debug|Any CPU
		{DB7D4406-119D-49DA-B956-3CBD24273303}.Debug|ARM.Deploy.0 = Debug|Any CPU
		{DB7D4406-119D-49DA-B956-3CBD24273303}.Debug|iPhone.ActiveCfg = Debug|Any CPU
		{DB7D4406-119D-49DA-B956-3CBD24273303}.Debug|iPhone.Build.0 = Debug|Any CPU
		{DB7D4406-119D-49DA-B956-3CBD24273303}.Debug|iPhone.Deploy.0 = Debug|Any CPU
		{DB7D4406-119D-49DA-B956-3CBD24273303}.Debug|iPhoneSimulator.ActiveCfg = Debug|Any CPU
		{DB7D4406-119D-49DA-B956-3CBD24273303}.Debug|x64.ActiveCfg = Debug|Any CPU
		{DB7D4406-119D-49DA-B956-3CBD24273303}.Debug|x64.Build.0 = Debug|Any CPU
		{DB7D4406-119D-49DA-B956-3CBD24273303}.Debug|x64.Deploy.0 = Debug|Any CPU
		{DB7D4406-119D-49DA-B956-3CBD24273303}.Debug|x86.ActiveCfg = Debug|Any CPU
		{DB7D4406-119D-49DA-B956-3CBD24273303}.Debug|x86.Build.0 = Debug|Any CPU
		{DB7D4406-119D-49DA-B956-3CBD24273303}.Debug|x86.Deploy.0 = Debug|Any CPU
		{DB7D4406-119D-49DA-B956-3CBD24273303}.Release|Any CPU.ActiveCfg = Release|Any CPU
		{DB7D4406-119D-49DA-B956-3CBD24273303}.Release|Any CPU.Build.0 = Release|Any CPU
		{DB7D4406-119D-49DA-B956-3CBD24273303}.Release|Any CPU.Deploy.0 = Release|Any CPU
		{DB7D4406-119D-49DA-B956-3CBD24273303}.Release|ARM.ActiveCfg = Release|Any CPU
		{DB7D4406-119D-49DA-B956-3CBD24273303}.Release|ARM.Build.0 = Release|Any CPU
		{DB7D4406-119D-49DA-B956-3CBD24273303}.Release|ARM.Deploy.0 = Release|Any CPU
		{DB7D4406-119D-49DA-B956-3CBD24273303}.Release|iPhone.ActiveCfg = Release|Any CPU
		{DB7D4406-119D-49DA-B956-3CBD24273303}.Release|iPhone.Build.0 = Release|Any CPU
		{DB7D4406-119D-49DA-B956-3CBD24273303}.Release|iPhone.Deploy.0 = Release|Any CPU
		{DB7D4406-119D-49DA-B956-3CBD24273303}.Release|iPhoneSimulator.ActiveCfg = Release|Any CPU
		{DB7D4406-119D-49DA-B956-3CBD24273303}.Release|iPhoneSimulator.Build.0 = Release|Any CPU
		{DB7D4406-119D-49DA-B956-3CBD24273303}.Release|iPhoneSimulator.Deploy.0 = Release|Any CPU
		{DB7D4406-119D-49DA-B956-3CBD24273303}.Release|x64.ActiveCfg = Release|Any CPU
		{DB7D4406-119D-49DA-B956-3CBD24273303}.Release|x64.Build.0 = Release|Any CPU
		{DB7D4406-119D-49DA-B956-3CBD24273303}.Release|x64.Deploy.0 = Release|Any CPU
		{DB7D4406-119D-49DA-B956-3CBD24273303}.Release|x86.ActiveCfg = Release|Any CPU
		{DB7D4406-119D-49DA-B956-3CBD24273303}.Release|x86.Build.0 = Release|Any CPU
		{DB7D4406-119D-49DA-B956-3CBD24273303}.Release|x86.Deploy.0 = Release|Any CPU
		{688755FD-7DC6-4B1D-A55B-A94C2DE751AE}.Ad-Hoc|Any CPU.ActiveCfg = Ad-Hoc|iPhone
		{688755FD-7DC6-4B1D-A55B-A94C2DE751AE}.Ad-Hoc|ARM.ActiveCfg = Ad-Hoc|iPhone
		{688755FD-7DC6-4B1D-A55B-A94C2DE751AE}.Ad-Hoc|iPhone.ActiveCfg = Ad-Hoc|iPhone
		{688755FD-7DC6-4B1D-A55B-A94C2DE751AE}.Ad-Hoc|iPhone.Build.0 = Ad-Hoc|iPhone
		{688755FD-7DC6-4B1D-A55B-A94C2DE751AE}.Ad-Hoc|iPhoneSimulator.ActiveCfg = Ad-Hoc|iPhoneSimulator
		{688755FD-7DC6-4B1D-A55B-A94C2DE751AE}.Ad-Hoc|iPhoneSimulator.Build.0 = Ad-Hoc|iPhoneSimulator
		{688755FD-7DC6-4B1D-A55B-A94C2DE751AE}.Ad-Hoc|x64.ActiveCfg = Ad-Hoc|iPhone
		{688755FD-7DC6-4B1D-A55B-A94C2DE751AE}.Ad-Hoc|x86.ActiveCfg = Ad-Hoc|iPhone
		{688755FD-7DC6-4B1D-A55B-A94C2DE751AE}.AppStore|Any CPU.ActiveCfg = AppStore|iPhone
		{688755FD-7DC6-4B1D-A55B-A94C2DE751AE}.AppStore|ARM.ActiveCfg = AppStore|iPhone
		{688755FD-7DC6-4B1D-A55B-A94C2DE751AE}.AppStore|iPhone.ActiveCfg = AppStore|iPhone
		{688755FD-7DC6-4B1D-A55B-A94C2DE751AE}.AppStore|iPhone.Build.0 = AppStore|iPhone
		{688755FD-7DC6-4B1D-A55B-A94C2DE751AE}.AppStore|iPhoneSimulator.ActiveCfg = AppStore|iPhoneSimulator
		{688755FD-7DC6-4B1D-A55B-A94C2DE751AE}.AppStore|iPhoneSimulator.Build.0 = AppStore|iPhoneSimulator
		{688755FD-7DC6-4B1D-A55B-A94C2DE751AE}.AppStore|x64.ActiveCfg = AppStore|iPhone
		{688755FD-7DC6-4B1D-A55B-A94C2DE751AE}.AppStore|x86.ActiveCfg = AppStore|iPhone
		{688755FD-7DC6-4B1D-A55B-A94C2DE751AE}.Debug|Any CPU.ActiveCfg = Debug|iPhone
		{688755FD-7DC6-4B1D-A55B-A94C2DE751AE}.Debug|ARM.ActiveCfg = Debug|iPhone
		{688755FD-7DC6-4B1D-A55B-A94C2DE751AE}.Debug|iPhone.ActiveCfg = Debug|iPhone
		{688755FD-7DC6-4B1D-A55B-A94C2DE751AE}.Debug|iPhone.Build.0 = Debug|iPhone
		{688755FD-7DC6-4B1D-A55B-A94C2DE751AE}.Debug|iPhoneSimulator.ActiveCfg = Debug|iPhoneSimulator
		{688755FD-7DC6-4B1D-A55B-A94C2DE751AE}.Debug|iPhoneSimulator.Build.0 = Debug|iPhoneSimulator
		{688755FD-7DC6-4B1D-A55B-A94C2DE751AE}.Debug|x64.ActiveCfg = Debug|iPhone
		{688755FD-7DC6-4B1D-A55B-A94C2DE751AE}.Debug|x86.ActiveCfg = Debug|iPhone
		{688755FD-7DC6-4B1D-A55B-A94C2DE751AE}.Release|Any CPU.ActiveCfg = Release|iPhone
		{688755FD-7DC6-4B1D-A55B-A94C2DE751AE}.Release|ARM.ActiveCfg = Release|iPhone
		{688755FD-7DC6-4B1D-A55B-A94C2DE751AE}.Release|iPhone.ActiveCfg = Release|iPhone
		{688755FD-7DC6-4B1D-A55B-A94C2DE751AE}.Release|iPhone.Build.0 = Release|iPhone
		{688755FD-7DC6-4B1D-A55B-A94C2DE751AE}.Release|iPhoneSimulator.ActiveCfg = Release|iPhoneSimulator
		{688755FD-7DC6-4B1D-A55B-A94C2DE751AE}.Release|iPhoneSimulator.Build.0 = Release|iPhoneSimulator
		{688755FD-7DC6-4B1D-A55B-A94C2DE751AE}.Release|x64.ActiveCfg = Release|iPhone
		{688755FD-7DC6-4B1D-A55B-A94C2DE751AE}.Release|x86.ActiveCfg = Release|iPhone
		{298FD03C-0C85-475E-B951-B03D1F8AC1FF}.Ad-Hoc|Any CPU.ActiveCfg = Release|x86
		{298FD03C-0C85-475E-B951-B03D1F8AC1FF}.Ad-Hoc|Any CPU.Build.0 = Release|x86
		{298FD03C-0C85-475E-B951-B03D1F8AC1FF}.Ad-Hoc|Any CPU.Deploy.0 = Release|x86
		{298FD03C-0C85-475E-B951-B03D1F8AC1FF}.Ad-Hoc|ARM.ActiveCfg = Release|ARM
		{298FD03C-0C85-475E-B951-B03D1F8AC1FF}.Ad-Hoc|ARM.Build.0 = Release|ARM
		{298FD03C-0C85-475E-B951-B03D1F8AC1FF}.Ad-Hoc|ARM.Deploy.0 = Release|ARM
		{298FD03C-0C85-475E-B951-B03D1F8AC1FF}.Ad-Hoc|iPhone.ActiveCfg = Release|x86
		{298FD03C-0C85-475E-B951-B03D1F8AC1FF}.Ad-Hoc|iPhone.Build.0 = Release|x86
		{298FD03C-0C85-475E-B951-B03D1F8AC1FF}.Ad-Hoc|iPhone.Deploy.0 = Release|x86
		{298FD03C-0C85-475E-B951-B03D1F8AC1FF}.Ad-Hoc|iPhoneSimulator.ActiveCfg = Release|x86
		{298FD03C-0C85-475E-B951-B03D1F8AC1FF}.Ad-Hoc|iPhoneSimulator.Build.0 = Release|x86
		{298FD03C-0C85-475E-B951-B03D1F8AC1FF}.Ad-Hoc|iPhoneSimulator.Deploy.0 = Release|x86
		{298FD03C-0C85-475E-B951-B03D1F8AC1FF}.Ad-Hoc|x64.ActiveCfg = Release|x64
		{298FD03C-0C85-475E-B951-B03D1F8AC1FF}.Ad-Hoc|x64.Build.0 = Release|x64
		{298FD03C-0C85-475E-B951-B03D1F8AC1FF}.Ad-Hoc|x64.Deploy.0 = Release|x64
		{298FD03C-0C85-475E-B951-B03D1F8AC1FF}.Ad-Hoc|x86.ActiveCfg = Release|x86
		{298FD03C-0C85-475E-B951-B03D1F8AC1FF}.Ad-Hoc|x86.Build.0 = Release|x86
		{298FD03C-0C85-475E-B951-B03D1F8AC1FF}.Ad-Hoc|x86.Deploy.0 = Release|x86
		{298FD03C-0C85-475E-B951-B03D1F8AC1FF}.AppStore|Any CPU.ActiveCfg = Release|x86
		{298FD03C-0C85-475E-B951-B03D1F8AC1FF}.AppStore|Any CPU.Build.0 = Release|x86
		{298FD03C-0C85-475E-B951-B03D1F8AC1FF}.AppStore|Any CPU.Deploy.0 = Release|x86
		{298FD03C-0C85-475E-B951-B03D1F8AC1FF}.AppStore|ARM.ActiveCfg = Release|ARM
		{298FD03C-0C85-475E-B951-B03D1F8AC1FF}.AppStore|ARM.Build.0 = Release|ARM
		{298FD03C-0C85-475E-B951-B03D1F8AC1FF}.AppStore|ARM.Deploy.0 = Release|ARM
		{298FD03C-0C85-475E-B951-B03D1F8AC1FF}.AppStore|iPhone.ActiveCfg = Release|x86
		{298FD03C-0C85-475E-B951-B03D1F8AC1FF}.AppStore|iPhone.Build.0 = Release|x86
		{298FD03C-0C85-475E-B951-B03D1F8AC1FF}.AppStore|iPhone.Deploy.0 = Release|x86
		{298FD03C-0C85-475E-B951-B03D1F8AC1FF}.AppStore|iPhoneSimulator.ActiveCfg = Release|x86
		{298FD03C-0C85-475E-B951-B03D1F8AC1FF}.AppStore|iPhoneSimulator.Build.0 = Release|x86
		{298FD03C-0C85-475E-B951-B03D1F8AC1FF}.AppStore|iPhoneSimulator.Deploy.0 = Release|x86
		{298FD03C-0C85-475E-B951-B03D1F8AC1FF}.AppStore|x64.ActiveCfg = Release|x64
		{298FD03C-0C85-475E-B951-B03D1F8AC1FF}.AppStore|x64.Build.0 = Release|x64
		{298FD03C-0C85-475E-B951-B03D1F8AC1FF}.AppStore|x64.Deploy.0 = Release|x64
		{298FD03C-0C85-475E-B951-B03D1F8AC1FF}.AppStore|x86.ActiveCfg = Release|x86
		{298FD03C-0C85-475E-B951-B03D1F8AC1FF}.AppStore|x86.Build.0 = Release|x86
		{298FD03C-0C85-475E-B951-B03D1F8AC1FF}.AppStore|x86.Deploy.0 = Release|x86
		{298FD03C-0C85-475E-B951-B03D1F8AC1FF}.Debug|Any CPU.ActiveCfg = Debug|x86
		{298FD03C-0C85-475E-B951-B03D1F8AC1FF}.Debug|ARM.ActiveCfg = Debug|ARM
		{298FD03C-0C85-475E-B951-B03D1F8AC1FF}.Debug|ARM.Build.0 = Debug|ARM
		{298FD03C-0C85-475E-B951-B03D1F8AC1FF}.Debug|ARM.Deploy.0 = Debug|ARM
		{298FD03C-0C85-475E-B951-B03D1F8AC1FF}.Debug|iPhone.ActiveCfg = Debug|x86
		{298FD03C-0C85-475E-B951-B03D1F8AC1FF}.Debug|iPhoneSimulator.ActiveCfg = Debug|x86
		{298FD03C-0C85-475E-B951-B03D1F8AC1FF}.Debug|x64.ActiveCfg = Debug|x64
		{298FD03C-0C85-475E-B951-B03D1F8AC1FF}.Debug|x64.Build.0 = Debug|x64
		{298FD03C-0C85-475E-B951-B03D1F8AC1FF}.Debug|x64.Deploy.0 = Debug|x64
		{298FD03C-0C85-475E-B951-B03D1F8AC1FF}.Debug|x86.ActiveCfg = Debug|x86
		{298FD03C-0C85-475E-B951-B03D1F8AC1FF}.Debug|x86.Build.0 = Debug|x86
		{298FD03C-0C85-475E-B951-B03D1F8AC1FF}.Debug|x86.Deploy.0 = Debug|x86
		{298FD03C-0C85-475E-B951-B03D1F8AC1FF}.Release|Any CPU.ActiveCfg = Release|x86
		{298FD03C-0C85-475E-B951-B03D1F8AC1FF}.Release|ARM.ActiveCfg = Release|ARM
		{298FD03C-0C85-475E-B951-B03D1F8AC1FF}.Release|ARM.Build.0 = Release|ARM
		{298FD03C-0C85-475E-B951-B03D1F8AC1FF}.Release|ARM.Deploy.0 = Release|ARM
		{298FD03C-0C85-475E-B951-B03D1F8AC1FF}.Release|iPhone.ActiveCfg = Release|x86
		{298FD03C-0C85-475E-B951-B03D1F8AC1FF}.Release|iPhoneSimulator.ActiveCfg = Release|x86
		{298FD03C-0C85-475E-B951-B03D1F8AC1FF}.Release|x64.ActiveCfg = Release|x64
		{298FD03C-0C85-475E-B951-B03D1F8AC1FF}.Release|x64.Build.0 = Release|x64
		{298FD03C-0C85-475E-B951-B03D1F8AC1FF}.Release|x64.Deploy.0 = Release|x64
		{298FD03C-0C85-475E-B951-B03D1F8AC1FF}.Release|x86.ActiveCfg = Release|x86
		{298FD03C-0C85-475E-B951-B03D1F8AC1FF}.Release|x86.Build.0 = Release|x86
		{298FD03C-0C85-475E-B951-B03D1F8AC1FF}.Release|x86.Deploy.0 = Release|x86
		{2C66428E-43A1-4BA0-9CD2-4A53B4B27091}.Ad-Hoc|Any CPU.ActiveCfg = Debug|Any CPU
		{2C66428E-43A1-4BA0-9CD2-4A53B4B27091}.Ad-Hoc|Any CPU.Build.0 = Debug|Any CPU
		{2C66428E-43A1-4BA0-9CD2-4A53B4B27091}.Ad-Hoc|ARM.ActiveCfg = Debug|Any CPU
		{2C66428E-43A1-4BA0-9CD2-4A53B4B27091}.Ad-Hoc|ARM.Build.0 = Debug|Any CPU
		{2C66428E-43A1-4BA0-9CD2-4A53B4B27091}.Ad-Hoc|iPhone.ActiveCfg = Debug|Any CPU
		{2C66428E-43A1-4BA0-9CD2-4A53B4B27091}.Ad-Hoc|iPhone.Build.0 = Debug|Any CPU
		{2C66428E-43A1-4BA0-9CD2-4A53B4B27091}.Ad-Hoc|iPhoneSimulator.ActiveCfg = Debug|Any CPU
		{2C66428E-43A1-4BA0-9CD2-4A53B4B27091}.Ad-Hoc|iPhoneSimulator.Build.0 = Debug|Any CPU
		{2C66428E-43A1-4BA0-9CD2-4A53B4B27091}.Ad-Hoc|x64.ActiveCfg = Debug|Any CPU
		{2C66428E-43A1-4BA0-9CD2-4A53B4B27091}.Ad-Hoc|x64.Build.0 = Debug|Any CPU
		{2C66428E-43A1-4BA0-9CD2-4A53B4B27091}.Ad-Hoc|x86.ActiveCfg = Debug|Any CPU
		{2C66428E-43A1-4BA0-9CD2-4A53B4B27091}.Ad-Hoc|x86.Build.0 = Debug|Any CPU
		{2C66428E-43A1-4BA0-9CD2-4A53B4B27091}.AppStore|Any CPU.ActiveCfg = Debug|Any CPU
		{2C66428E-43A1-4BA0-9CD2-4A53B4B27091}.AppStore|Any CPU.Build.0 = Debug|Any CPU
		{2C66428E-43A1-4BA0-9CD2-4A53B4B27091}.AppStore|ARM.ActiveCfg = Debug|Any CPU
		{2C66428E-43A1-4BA0-9CD2-4A53B4B27091}.AppStore|ARM.Build.0 = Debug|Any CPU
		{2C66428E-43A1-4BA0-9CD2-4A53B4B27091}.AppStore|iPhone.ActiveCfg = Debug|Any CPU
		{2C66428E-43A1-4BA0-9CD2-4A53B4B27091}.AppStore|iPhone.Build.0 = Debug|Any CPU
		{2C66428E-43A1-4BA0-9CD2-4A53B4B27091}.AppStore|iPhoneSimulator.ActiveCfg = Debug|Any CPU
		{2C66428E-43A1-4BA0-9CD2-4A53B4B27091}.AppStore|iPhoneSimulator.Build.0 = Debug|Any CPU
		{2C66428E-43A1-4BA0-9CD2-4A53B4B27091}.AppStore|x64.ActiveCfg = Debug|Any CPU
		{2C66428E-43A1-4BA0-9CD2-4A53B4B27091}.AppStore|x64.Build.0 = Debug|Any CPU
		{2C66428E-43A1-4BA0-9CD2-4A53B4B27091}.AppStore|x86.ActiveCfg = Debug|Any CPU
		{2C66428E-43A1-4BA0-9CD2-4A53B4B27091}.AppStore|x86.Build.0 = Debug|Any CPU
		{2C66428E-43A1-4BA0-9CD2-4A53B4B27091}.Debug|Any CPU.ActiveCfg = Debug|Any CPU
		{2C66428E-43A1-4BA0-9CD2-4A53B4B27091}.Debug|ARM.ActiveCfg = Debug|Any CPU
		{2C66428E-43A1-4BA0-9CD2-4A53B4B27091}.Debug|ARM.Build.0 = Debug|Any CPU
		{2C66428E-43A1-4BA0-9CD2-4A53B4B27091}.Debug|iPhone.ActiveCfg = Debug|Any CPU
		{2C66428E-43A1-4BA0-9CD2-4A53B4B27091}.Debug|iPhone.Build.0 = Debug|Any CPU
		{2C66428E-43A1-4BA0-9CD2-4A53B4B27091}.Debug|iPhoneSimulator.ActiveCfg = Debug|Any CPU
		{2C66428E-43A1-4BA0-9CD2-4A53B4B27091}.Debug|iPhoneSimulator.Build.0 = Debug|Any CPU
		{2C66428E-43A1-4BA0-9CD2-4A53B4B27091}.Debug|x64.ActiveCfg = Debug|Any CPU
		{2C66428E-43A1-4BA0-9CD2-4A53B4B27091}.Debug|x64.Build.0 = Debug|Any CPU
		{2C66428E-43A1-4BA0-9CD2-4A53B4B27091}.Debug|x86.ActiveCfg = Debug|Any CPU
		{2C66428E-43A1-4BA0-9CD2-4A53B4B27091}.Debug|x86.Build.0 = Debug|Any CPU
		{2C66428E-43A1-4BA0-9CD2-4A53B4B27091}.Release|Any CPU.ActiveCfg = Release|Any CPU
		{2C66428E-43A1-4BA0-9CD2-4A53B4B27091}.Release|Any CPU.Build.0 = Release|Any CPU
		{2C66428E-43A1-4BA0-9CD2-4A53B4B27091}.Release|ARM.ActiveCfg = Release|Any CPU
		{2C66428E-43A1-4BA0-9CD2-4A53B4B27091}.Release|ARM.Build.0 = Release|Any CPU
		{2C66428E-43A1-4BA0-9CD2-4A53B4B27091}.Release|iPhone.ActiveCfg = Release|Any CPU
		{2C66428E-43A1-4BA0-9CD2-4A53B4B27091}.Release|iPhone.Build.0 = Release|Any CPU
		{2C66428E-43A1-4BA0-9CD2-4A53B4B27091}.Release|iPhoneSimulator.ActiveCfg = Release|Any CPU
		{2C66428E-43A1-4BA0-9CD2-4A53B4B27091}.Release|iPhoneSimulator.Build.0 = Release|Any CPU
		{2C66428E-43A1-4BA0-9CD2-4A53B4B27091}.Release|x64.ActiveCfg = Release|Any CPU
		{2C66428E-43A1-4BA0-9CD2-4A53B4B27091}.Release|x64.Build.0 = Release|Any CPU
		{2C66428E-43A1-4BA0-9CD2-4A53B4B27091}.Release|x86.ActiveCfg = Release|Any CPU
		{2C66428E-43A1-4BA0-9CD2-4A53B4B27091}.Release|x86.Build.0 = Release|Any CPU
		{08C25F9B-6DEE-4AEF-876D-0A2EFA21CD75}.Ad-Hoc|Any CPU.ActiveCfg = Release|Any CPU
		{08C25F9B-6DEE-4AEF-876D-0A2EFA21CD75}.Ad-Hoc|Any CPU.Build.0 = Release|Any CPU
		{08C25F9B-6DEE-4AEF-876D-0A2EFA21CD75}.Ad-Hoc|ARM.ActiveCfg = Release|Any CPU
		{08C25F9B-6DEE-4AEF-876D-0A2EFA21CD75}.Ad-Hoc|ARM.Build.0 = Release|Any CPU
		{08C25F9B-6DEE-4AEF-876D-0A2EFA21CD75}.Ad-Hoc|iPhone.ActiveCfg = Release|Any CPU
		{08C25F9B-6DEE-4AEF-876D-0A2EFA21CD75}.Ad-Hoc|iPhone.Build.0 = Release|Any CPU
		{08C25F9B-6DEE-4AEF-876D-0A2EFA21CD75}.Ad-Hoc|iPhoneSimulator.ActiveCfg = Release|Any CPU
		{08C25F9B-6DEE-4AEF-876D-0A2EFA21CD75}.Ad-Hoc|iPhoneSimulator.Build.0 = Release|Any CPU
		{08C25F9B-6DEE-4AEF-876D-0A2EFA21CD75}.Ad-Hoc|x64.ActiveCfg = Release|Any CPU
		{08C25F9B-6DEE-4AEF-876D-0A2EFA21CD75}.Ad-Hoc|x64.Build.0 = Release|Any CPU
		{08C25F9B-6DEE-4AEF-876D-0A2EFA21CD75}.Ad-Hoc|x86.ActiveCfg = Release|Any CPU
		{08C25F9B-6DEE-4AEF-876D-0A2EFA21CD75}.Ad-Hoc|x86.Build.0 = Release|Any CPU
		{08C25F9B-6DEE-4AEF-876D-0A2EFA21CD75}.AppStore|Any CPU.ActiveCfg = Release|Any CPU
		{08C25F9B-6DEE-4AEF-876D-0A2EFA21CD75}.AppStore|Any CPU.Build.0 = Release|Any CPU
		{08C25F9B-6DEE-4AEF-876D-0A2EFA21CD75}.AppStore|ARM.ActiveCfg = Release|Any CPU
		{08C25F9B-6DEE-4AEF-876D-0A2EFA21CD75}.AppStore|ARM.Build.0 = Release|Any CPU
		{08C25F9B-6DEE-4AEF-876D-0A2EFA21CD75}.AppStore|iPhone.ActiveCfg = Release|Any CPU
		{08C25F9B-6DEE-4AEF-876D-0A2EFA21CD75}.AppStore|iPhone.Build.0 = Release|Any CPU
		{08C25F9B-6DEE-4AEF-876D-0A2EFA21CD75}.AppStore|iPhoneSimulator.ActiveCfg = Release|Any CPU
		{08C25F9B-6DEE-4AEF-876D-0A2EFA21CD75}.AppStore|iPhoneSimulator.Build.0 = Release|Any CPU
		{08C25F9B-6DEE-4AEF-876D-0A2EFA21CD75}.AppStore|x64.ActiveCfg = Release|Any CPU
		{08C25F9B-6DEE-4AEF-876D-0A2EFA21CD75}.AppStore|x64.Build.0 = Release|Any CPU
		{08C25F9B-6DEE-4AEF-876D-0A2EFA21CD75}.AppStore|x86.ActiveCfg = Release|Any CPU
		{08C25F9B-6DEE-4AEF-876D-0A2EFA21CD75}.AppStore|x86.Build.0 = Release|Any CPU
		{08C25F9B-6DEE-4AEF-876D-0A2EFA21CD75}.Debug|Any CPU.ActiveCfg = Debug|Any CPU
		{08C25F9B-6DEE-4AEF-876D-0A2EFA21CD75}.Debug|ARM.ActiveCfg = Debug|Any CPU
		{08C25F9B-6DEE-4AEF-876D-0A2EFA21CD75}.Debug|ARM.Build.0 = Debug|Any CPU
		{08C25F9B-6DEE-4AEF-876D-0A2EFA21CD75}.Debug|iPhone.ActiveCfg = Debug|Any CPU
		{08C25F9B-6DEE-4AEF-876D-0A2EFA21CD75}.Debug|iPhone.Build.0 = Debug|Any CPU
		{08C25F9B-6DEE-4AEF-876D-0A2EFA21CD75}.Debug|iPhoneSimulator.ActiveCfg = Debug|Any CPU
		{08C25F9B-6DEE-4AEF-876D-0A2EFA21CD75}.Debug|iPhoneSimulator.Build.0 = Debug|Any CPU
		{08C25F9B-6DEE-4AEF-876D-0A2EFA21CD75}.Debug|x64.ActiveCfg = Debug|Any CPU
		{08C25F9B-6DEE-4AEF-876D-0A2EFA21CD75}.Debug|x64.Build.0 = Debug|Any CPU
		{08C25F9B-6DEE-4AEF-876D-0A2EFA21CD75}.Debug|x86.ActiveCfg = Debug|Any CPU
		{08C25F9B-6DEE-4AEF-876D-0A2EFA21CD75}.Debug|x86.Build.0 = Debug|Any CPU
		{08C25F9B-6DEE-4AEF-876D-0A2EFA21CD75}.Release|Any CPU.ActiveCfg = Release|Any CPU
		{08C25F9B-6DEE-4AEF-876D-0A2EFA21CD75}.Release|Any CPU.Build.0 = Release|Any CPU
		{08C25F9B-6DEE-4AEF-876D-0A2EFA21CD75}.Release|ARM.ActiveCfg = Release|Any CPU
		{08C25F9B-6DEE-4AEF-876D-0A2EFA21CD75}.Release|ARM.Build.0 = Release|Any CPU
		{08C25F9B-6DEE-4AEF-876D-0A2EFA21CD75}.Release|iPhone.ActiveCfg = Release|Any CPU
		{08C25F9B-6DEE-4AEF-876D-0A2EFA21CD75}.Release|iPhone.Build.0 = Release|Any CPU
		{08C25F9B-6DEE-4AEF-876D-0A2EFA21CD75}.Release|iPhoneSimulator.ActiveCfg = Release|Any CPU
		{08C25F9B-6DEE-4AEF-876D-0A2EFA21CD75}.Release|iPhoneSimulator.Build.0 = Release|Any CPU
		{08C25F9B-6DEE-4AEF-876D-0A2EFA21CD75}.Release|x64.ActiveCfg = Release|Any CPU
		{08C25F9B-6DEE-4AEF-876D-0A2EFA21CD75}.Release|x64.Build.0 = Release|Any CPU
		{08C25F9B-6DEE-4AEF-876D-0A2EFA21CD75}.Release|x86.ActiveCfg = Release|Any CPU
		{08C25F9B-6DEE-4AEF-876D-0A2EFA21CD75}.Release|x86.Build.0 = Release|Any CPU
		{5481CAC9-52ED-4A4E-A014-F338EB6F2AF3}.Ad-Hoc|Any CPU.ActiveCfg = Release|Any CPU
		{5481CAC9-52ED-4A4E-A014-F338EB6F2AF3}.Ad-Hoc|Any CPU.Build.0 = Release|Any CPU
		{5481CAC9-52ED-4A4E-A014-F338EB6F2AF3}.Ad-Hoc|ARM.ActiveCfg = Release|Any CPU
		{5481CAC9-52ED-4A4E-A014-F338EB6F2AF3}.Ad-Hoc|ARM.Build.0 = Release|Any CPU
		{5481CAC9-52ED-4A4E-A014-F338EB6F2AF3}.Ad-Hoc|iPhone.ActiveCfg = Release|Any CPU
		{5481CAC9-52ED-4A4E-A014-F338EB6F2AF3}.Ad-Hoc|iPhone.Build.0 = Release|Any CPU
		{5481CAC9-52ED-4A4E-A014-F338EB6F2AF3}.Ad-Hoc|iPhoneSimulator.ActiveCfg = Release|Any CPU
		{5481CAC9-52ED-4A4E-A014-F338EB6F2AF3}.Ad-Hoc|iPhoneSimulator.Build.0 = Release|Any CPU
		{5481CAC9-52ED-4A4E-A014-F338EB6F2AF3}.Ad-Hoc|x64.ActiveCfg = Release|Any CPU
		{5481CAC9-52ED-4A4E-A014-F338EB6F2AF3}.Ad-Hoc|x64.Build.0 = Release|Any CPU
		{5481CAC9-52ED-4A4E-A014-F338EB6F2AF3}.Ad-Hoc|x86.ActiveCfg = Release|Any CPU
		{5481CAC9-52ED-4A4E-A014-F338EB6F2AF3}.Ad-Hoc|x86.Build.0 = Release|Any CPU
		{5481CAC9-52ED-4A4E-A014-F338EB6F2AF3}.AppStore|Any CPU.ActiveCfg = Release|Any CPU
		{5481CAC9-52ED-4A4E-A014-F338EB6F2AF3}.AppStore|Any CPU.Build.0 = Release|Any CPU
		{5481CAC9-52ED-4A4E-A014-F338EB6F2AF3}.AppStore|ARM.ActiveCfg = Release|Any CPU
		{5481CAC9-52ED-4A4E-A014-F338EB6F2AF3}.AppStore|ARM.Build.0 = Release|Any CPU
		{5481CAC9-52ED-4A4E-A014-F338EB6F2AF3}.AppStore|iPhone.ActiveCfg = Release|Any CPU
		{5481CAC9-52ED-4A4E-A014-F338EB6F2AF3}.AppStore|iPhone.Build.0 = Release|Any CPU
		{5481CAC9-52ED-4A4E-A014-F338EB6F2AF3}.AppStore|iPhoneSimulator.ActiveCfg = Release|Any CPU
		{5481CAC9-52ED-4A4E-A014-F338EB6F2AF3}.AppStore|iPhoneSimulator.Build.0 = Release|Any CPU
		{5481CAC9-52ED-4A4E-A014-F338EB6F2AF3}.AppStore|x64.ActiveCfg = Release|Any CPU
		{5481CAC9-52ED-4A4E-A014-F338EB6F2AF3}.AppStore|x64.Build.0 = Release|Any CPU
		{5481CAC9-52ED-4A4E-A014-F338EB6F2AF3}.AppStore|x86.ActiveCfg = Release|Any CPU
		{5481CAC9-52ED-4A4E-A014-F338EB6F2AF3}.AppStore|x86.Build.0 = Release|Any CPU
		{5481CAC9-52ED-4A4E-A014-F338EB6F2AF3}.Debug|Any CPU.ActiveCfg = Debug|Any CPU
		{5481CAC9-52ED-4A4E-A014-F338EB6F2AF3}.Debug|Any CPU.Build.0 = Debug|Any CPU
		{5481CAC9-52ED-4A4E-A014-F338EB6F2AF3}.Debug|ARM.ActiveCfg = Debug|Any CPU
		{5481CAC9-52ED-4A4E-A014-F338EB6F2AF3}.Debug|ARM.Build.0 = Debug|Any CPU
		{5481CAC9-52ED-4A4E-A014-F338EB6F2AF3}.Debug|iPhone.ActiveCfg = Debug|Any CPU
		{5481CAC9-52ED-4A4E-A014-F338EB6F2AF3}.Debug|iPhone.Build.0 = Debug|Any CPU
		{5481CAC9-52ED-4A4E-A014-F338EB6F2AF3}.Debug|iPhoneSimulator.ActiveCfg = Debug|Any CPU
		{5481CAC9-52ED-4A4E-A014-F338EB6F2AF3}.Debug|iPhoneSimulator.Build.0 = Debug|Any CPU
		{5481CAC9-52ED-4A4E-A014-F338EB6F2AF3}.Debug|x64.ActiveCfg = Debug|Any CPU
		{5481CAC9-52ED-4A4E-A014-F338EB6F2AF3}.Debug|x64.Build.0 = Debug|Any CPU
		{5481CAC9-52ED-4A4E-A014-F338EB6F2AF3}.Debug|x86.ActiveCfg = Debug|Any CPU
		{5481CAC9-52ED-4A4E-A014-F338EB6F2AF3}.Debug|x86.Build.0 = Debug|Any CPU
		{5481CAC9-52ED-4A4E-A014-F338EB6F2AF3}.Release|Any CPU.ActiveCfg = Release|Any CPU
		{5481CAC9-52ED-4A4E-A014-F338EB6F2AF3}.Release|Any CPU.Build.0 = Release|Any CPU
		{5481CAC9-52ED-4A4E-A014-F338EB6F2AF3}.Release|ARM.ActiveCfg = Release|Any CPU
		{5481CAC9-52ED-4A4E-A014-F338EB6F2AF3}.Release|ARM.Build.0 = Release|Any CPU
		{5481CAC9-52ED-4A4E-A014-F338EB6F2AF3}.Release|iPhone.ActiveCfg = Release|Any CPU
		{5481CAC9-52ED-4A4E-A014-F338EB6F2AF3}.Release|iPhone.Build.0 = Release|Any CPU
		{5481CAC9-52ED-4A4E-A014-F338EB6F2AF3}.Release|iPhoneSimulator.ActiveCfg = Release|Any CPU
		{5481CAC9-52ED-4A4E-A014-F338EB6F2AF3}.Release|iPhoneSimulator.Build.0 = Release|Any CPU
		{5481CAC9-52ED-4A4E-A014-F338EB6F2AF3}.Release|x64.ActiveCfg = Release|Any CPU
		{5481CAC9-52ED-4A4E-A014-F338EB6F2AF3}.Release|x64.Build.0 = Release|Any CPU
		{5481CAC9-52ED-4A4E-A014-F338EB6F2AF3}.Release|x86.ActiveCfg = Release|Any CPU
		{5481CAC9-52ED-4A4E-A014-F338EB6F2AF3}.Release|x86.Build.0 = Release|Any CPU
	EndGlobalSection
	GlobalSection(SolutionProperties) = preSolution
		HideSolutionNode = FALSE
	EndGlobalSection
	GlobalSection(ExtensibilityGlobals) = postSolution
		SolutionGuid = {8C8BB39F-21B9-4DA7-A307-EBD315F95456}
	EndGlobalSection
	GlobalSection(Performance) = preSolution
		HasPerformanceSessions = true
	EndGlobalSection
EndGlobal
